// !$*UTF8*$!
{
	archiveVersion = 1;
	classes = {
	};
	objectVersion = 46;
	objects = {

/* Begin PBXBuildFile section */
		63BDE78C1708B78C007C0D82 /* Channel_Window.cpp in Sources */ = {isa = PBXBuildFile; fileRef = 63BDE6A71708B78C007C0D82 /* Channel_Window.cpp */; };
		63BDE78D1708B78C007C0D82 /* favorites.cpp in Sources */ = {isa = PBXBuildFile; fileRef = 63BDE6A91708B78C007C0D82 /* favorites.cpp */; };
		63BDE78E1708B78C007C0D82 /* Game_Music_Box.cpp in Sources */ = {isa = PBXBuildFile; fileRef = 63BDE6AB1708B78C007C0D82 /* Game_Music_Box.cpp */; };
		63BDE78F1708B78C007C0D82 /* music_actions.cpp in Sources */ = {isa = PBXBuildFile; fileRef = 63BDE6AD1708B78C007C0D82 /* music_actions.cpp */; };
		63BDE7901708B78C007C0D82 /* music_packer.cpp in Sources */ = {isa = PBXBuildFile; fileRef = 63BDE6AF1708B78C007C0D82 /* music_packer.cpp */; };
		63BDE7911708B78C007C0D82 /* Music_Player.cpp in Sources */ = {isa = PBXBuildFile; fileRef = 63BDE6B01708B78C007C0D82 /* Music_Player.cpp */; };
		63BDE7921708B78C007C0D82 /* music_retitler.cpp in Sources */ = {isa = PBXBuildFile; fileRef = 63BDE6B21708B78C007C0D82 /* music_retitler.cpp */; };
		63BDE7931708B78C007C0D82 /* Player_Window.cpp in Sources */ = {isa = PBXBuildFile; fileRef = 63BDE6B31708B78C007C0D82 /* Player_Window.cpp */; };
		63BDE7941708B78C007C0D82 /* prefs.cpp in Sources */ = {isa = PBXBuildFile; fileRef = 63BDE6B51708B78C007C0D82 /* prefs.cpp */; };
		63BDE7951708B78C007C0D82 /* Scope_Window.cpp in Sources */ = {isa = PBXBuildFile; fileRef = 63BDE6B71708B78C007C0D82 /* Scope_Window.cpp */; };
		63BDE7961708B78C007C0D82 /* Utility_Window.cpp in Sources */ = {isa = PBXBuildFile; fileRef = 63BDE6B91708B78C007C0D82 /* Utility_Window.cpp */; };
		63BDE7971708B78C007C0D82 /* wave_export.cpp in Sources */ = {isa = PBXBuildFile; fileRef = 63BDE6BB1708B78C007C0D82 /* wave_export.cpp */; };
		63BDE7981708B78C007C0D82 /* classic_album.cpp in Sources */ = {isa = PBXBuildFile; fileRef = 63BDE6C41708B78C007C0D82 /* classic_album.cpp */; };
		63BDE7991708B78C007C0D82 /* File_Emu.cpp in Sources */ = {isa = PBXBuildFile; fileRef = 63BDE6C51708B78C007C0D82 /* File_Emu.cpp */; };
		63BDE79A1708B78C007C0D82 /* gym_album.cpp in Sources */ = {isa = PBXBuildFile; fileRef = 63BDE6C71708B78C007C0D82 /* gym_album.cpp */; };
		63BDE79B1708B78C007C0D82 /* Music_Album.cpp in Sources */ = {isa = PBXBuildFile; fileRef = 63BDE6C81708B78C007C0D82 /* Music_Album.cpp */; };
		63BDE79C1708B78C007C0D82 /* music_util.cpp in Sources */ = {isa = PBXBuildFile; fileRef = 63BDE6CA1708B78C007C0D82 /* music_util.cpp */; };
		63BDE79D1708B78C007C0D82 /* nsfe_album.cpp in Sources */ = {isa = PBXBuildFile; fileRef = 63BDE6CC1708B78C007C0D82 /* nsfe_album.cpp */; };
		63BDE79E1708B78C007C0D82 /* Nsfe_Emu.cpp in Sources */ = {isa = PBXBuildFile; fileRef = 63BDE6CD1708B78C007C0D82 /* Nsfe_Emu.cpp */; };
		63BDE79F1708B78C007C0D82 /* nsfe_emu_album.cpp in Sources */ = {isa = PBXBuildFile; fileRef = 63BDE6CF1708B78C007C0D82 /* nsfe_emu_album.cpp */; };
		63BDE7A01708B78C007C0D82 /* spc_album.cpp in Sources */ = {isa = PBXBuildFile; fileRef = 63BDE6D01708B78C007C0D82 /* spc_album.cpp */; };
		63BDE7A11708B78C007C0D82 /* unpack_spc.c in Sources */ = {isa = PBXBuildFile; fileRef = 63BDE6D21708B78C007C0D82 /* unpack_spc.c */; };
		63BDE7A21708B78C007C0D82 /* Blip_Buffer.cpp in Sources */ = {isa = PBXBuildFile; fileRef = 63BDE6DA1708B78C007C0D82 /* Blip_Buffer.cpp */; };
		63BDE7A31708B78C007C0D82 /* Classic_Emu.cpp in Sources */ = {isa = PBXBuildFile; fileRef = 63BDE6DD1708B78C007C0D82 /* Classic_Emu.cpp */; };
		63BDE7A41708B78C007C0D82 /* Effects_Buffer.cpp in Sources */ = {isa = PBXBuildFile; fileRef = 63BDE6DF1708B78C007C0D82 /* Effects_Buffer.cpp */; };
		63BDE7A51708B78C007C0D82 /* Fir_Resampler.cpp in Sources */ = {isa = PBXBuildFile; fileRef = 63BDE6E11708B78C007C0D82 /* Fir_Resampler.cpp */; };
		63BDE7A61708B78C007C0D82 /* Gb_Apu.cpp in Sources */ = {isa = PBXBuildFile; fileRef = 63BDE6E31708B78C007C0D82 /* Gb_Apu.cpp */; };
		63BDE7A71708B78C007C0D82 /* Gb_Cpu.cpp in Sources */ = {isa = PBXBuildFile; fileRef = 63BDE6E51708B78C007C0D82 /* Gb_Cpu.cpp */; };
		63BDE7A81708B78C007C0D82 /* Gb_Oscs.cpp in Sources */ = {isa = PBXBuildFile; fileRef = 63BDE6E71708B78C007C0D82 /* Gb_Oscs.cpp */; };
		63BDE7A91708B78C007C0D82 /* Gbs_Emu.cpp in Sources */ = {isa = PBXBuildFile; fileRef = 63BDE6E91708B78C007C0D82 /* Gbs_Emu.cpp */; };
		63BDE7AA1708B78C007C0D82 /* Gym_Emu.cpp in Sources */ = {isa = PBXBuildFile; fileRef = 63BDE6EB1708B78C007C0D82 /* Gym_Emu.cpp */; };
		63BDE7AB1708B78C007C0D82 /* Multi_Buffer.cpp in Sources */ = {isa = PBXBuildFile; fileRef = 63BDE6ED1708B78C007C0D82 /* Multi_Buffer.cpp */; };
		63BDE7AC1708B78C007C0D82 /* Music_Emu.cpp in Sources */ = {isa = PBXBuildFile; fileRef = 63BDE6EF1708B78C007C0D82 /* Music_Emu.cpp */; };
		63BDE7AD1708B78C007C0D82 /* Nes_Apu.cpp in Sources */ = {isa = PBXBuildFile; fileRef = 63BDE6F11708B78C007C0D82 /* Nes_Apu.cpp */; };
		63BDE7AE1708B78C007C0D82 /* Nes_Cpu.cpp in Sources */ = {isa = PBXBuildFile; fileRef = 63BDE6F31708B78C007C0D82 /* Nes_Cpu.cpp */; };
		63BDE7AF1708B78C007C0D82 /* Nes_Fme7_Apu.cpp in Sources */ = {isa = PBXBuildFile; fileRef = 63BDE6F51708B78C007C0D82 /* Nes_Fme7_Apu.cpp */; };
		63BDE7B01708B78C007C0D82 /* Nes_Namco_Apu.cpp in Sources */ = {isa = PBXBuildFile; fileRef = 63BDE6F71708B78C007C0D82 /* Nes_Namco_Apu.cpp */; };
		63BDE7B11708B78C007C0D82 /* Nes_Oscs.cpp in Sources */ = {isa = PBXBuildFile; fileRef = 63BDE6F91708B78C007C0D82 /* Nes_Oscs.cpp */; };
		63BDE7B21708B78C007C0D82 /* Nes_Vrc6_Apu.cpp in Sources */ = {isa = PBXBuildFile; fileRef = 63BDE6FB1708B78C007C0D82 /* Nes_Vrc6_Apu.cpp */; };
		63BDE7B31708B78C007C0D82 /* Nsf_Emu.cpp in Sources */ = {isa = PBXBuildFile; fileRef = 63BDE6FD1708B78C007C0D82 /* Nsf_Emu.cpp */; };
		63BDE7B41708B78C007C0D82 /* Sms_Apu.cpp in Sources */ = {isa = PBXBuildFile; fileRef = 63BDE7001708B78C007C0D82 /* Sms_Apu.cpp */; };
		63BDE7B51708B78C007C0D82 /* Snes_Spc.cpp in Sources */ = {isa = PBXBuildFile; fileRef = 63BDE7031708B78C007C0D82 /* Snes_Spc.cpp */; };
		63BDE7B61708B78C007C0D82 /* Spc_Cpu.cpp in Sources */ = {isa = PBXBuildFile; fileRef = 63BDE7051708B78C007C0D82 /* Spc_Cpu.cpp */; };
		63BDE7B71708B78C007C0D82 /* Spc_Dsp.cpp in Sources */ = {isa = PBXBuildFile; fileRef = 63BDE7071708B78C007C0D82 /* Spc_Dsp.cpp */; };
		63BDE7B81708B78C007C0D82 /* Spc_Emu.cpp in Sources */ = {isa = PBXBuildFile; fileRef = 63BDE7091708B78C007C0D82 /* Spc_Emu.cpp */; };
		63BDE7B91708B78C007C0D82 /* Vgm_Emu.cpp in Sources */ = {isa = PBXBuildFile; fileRef = 63BDE70C1708B78C007C0D82 /* Vgm_Emu.cpp */; };
		63BDE7BA1708B78C007C0D82 /* Vgm_Emu_Impl.cpp in Sources */ = {isa = PBXBuildFile; fileRef = 63BDE70E1708B78C007C0D82 /* Vgm_Emu_Impl.cpp */; };
		63BDE7BB1708B78C007C0D82 /* ym2612.cpp in Sources */ = {isa = PBXBuildFile; fileRef = 63BDE7101708B78C007C0D82 /* ym2612.cpp */; };
		63BDE7BC1708B78C007C0D82 /* app_prefs.cpp in Sources */ = {isa = PBXBuildFile; fileRef = 63BDE7191708B78C007C0D82 /* app_prefs.cpp */; };
		63BDE7BD1708B78C007C0D82 /* Carbon_App.cpp in Sources */ = {isa = PBXBuildFile; fileRef = 63BDE71B1708B78C007C0D82 /* Carbon_App.cpp */; };
		63BDE7BE1708B78C007C0D82 /* Carbon_Window.cpp in Sources */ = {isa = PBXBuildFile; fileRef = 63BDE71D1708B78C007C0D82 /* Carbon_Window.cpp */; };
		63BDE7BF1708B78C007C0D82 /* debug_out.cpp in Sources */ = {isa = PBXBuildFile; fileRef = 63BDE7201708B78C007C0D82 /* debug_out.cpp */; };
		63BDE7C01708B78C007C0D82 /* debugging.cpp in Sources */ = {isa = PBXBuildFile; fileRef = 63BDE7221708B78C007C0D82 /* debugging.cpp */; };
		63BDE7C11708B78C007C0D82 /* error_util.cpp in Sources */ = {isa = PBXBuildFile; fileRef = 63BDE7231708B78C007C0D82 /* error_util.cpp */; };
		63BDE7C21708B78C007C0D82 /* file_util.cpp in Sources */ = {isa = PBXBuildFile; fileRef = 63BDE7251708B78C007C0D82 /* file_util.cpp */; };
		63BDE7C31708B78C007C0D82 /* mac_controls.cpp in Sources */ = {isa = PBXBuildFile; fileRef = 63BDE7281708B78C007C0D82 /* mac_controls.cpp */; };
		63BDE7C41708B78C007C0D82 /* mac_memory.cpp in Sources */ = {isa = PBXBuildFile; fileRef = 63BDE72A1708B78C007C0D82 /* mac_memory.cpp */; };
		63BDE7C51708B78C007C0D82 /* mac_util.cpp in Sources */ = {isa = PBXBuildFile; fileRef = 63BDE72C1708B78C007C0D82 /* mac_util.cpp */; };
		63BDE7C61708B78C007C0D82 /* operator_new.cpp in Sources */ = {isa = PBXBuildFile; fileRef = 63BDE72E1708B78C007C0D82 /* operator_new.cpp */; };
		63BDE7C71708B78C007C0D82 /* pod_vector.cpp in Sources */ = {isa = PBXBuildFile; fileRef = 63BDE72F1708B78C007C0D82 /* pod_vector.cpp */; };
		63BDE7C81708B78C007C0D82 /* thread_util.cpp in Sources */ = {isa = PBXBuildFile; fileRef = 63BDE7321708B78C007C0D82 /* thread_util.cpp */; };
		63BDE7C91708B78C007C0D82 /* util.cpp in Sources */ = {isa = PBXBuildFile; fileRef = 63BDE7341708B78C007C0D82 /* util.cpp */; };
		63BDE7CA1708B78C007C0D82 /* main.cpp in Sources */ = {isa = PBXBuildFile; fileRef = 63BDE7361708B78C007C0D82 /* main.cpp */; };
		63BDE7CB1708B78C007C0D82 /* abstract_file.cpp in Sources */ = {isa = PBXBuildFile; fileRef = 63BDE7391708B78C007C0D82 /* abstract_file.cpp */; };
		63BDE7CC1708B78C007C0D82 /* archive.cpp in Sources */ = {isa = PBXBuildFile; fileRef = 63BDE73B1708B78C007C0D82 /* archive.cpp */; };
		63BDE7CD1708B78C007C0D82 /* arcread.cpp in Sources */ = {isa = PBXBuildFile; fileRef = 63BDE73D1708B78C007C0D82 /* arcread.cpp */; };
		63BDE7CE1708B78C007C0D82 /* crc.cpp in Sources */ = {isa = PBXBuildFile; fileRef = 63BDE7401708B78C007C0D82 /* crc.cpp */; };
		63BDE7CF1708B78C007C0D82 /* getbits.cpp in Sources */ = {isa = PBXBuildFile; fileRef = 63BDE7421708B78C007C0D82 /* getbits.cpp */; };
		63BDE7D01708B78C007C0D82 /* model.cpp in Sources */ = {isa = PBXBuildFile; fileRef = 63BDE7461708B78C007C0D82 /* model.cpp */; };
		63BDE7D11708B78C007C0D82 /* Rar_Extractor.cpp in Sources */ = {isa = PBXBuildFile; fileRef = 63BDE7491708B78C007C0D82 /* Rar_Extractor.cpp */; };
		63BDE7D21708B78C007C0D82 /* rarvm.cpp in Sources */ = {isa = PBXBuildFile; fileRef = 63BDE74B1708B78C007C0D82 /* rarvm.cpp */; };
		63BDE7D31708B78C007C0D82 /* rawread.cpp in Sources */ = {isa = PBXBuildFile; fileRef = 63BDE74D1708B78C007C0D82 /* rawread.cpp */; };
		63BDE7D41708B78C007C0D82 /* rdwrfn.cpp in Sources */ = {isa = PBXBuildFile; fileRef = 63BDE74F1708B78C007C0D82 /* rdwrfn.cpp */; };
		63BDE7D51708B78C007C0D82 /* rs.cpp in Sources */ = {isa = PBXBuildFile; fileRef = 63BDE7521708B78C007C0D82 /* rs.cpp */; };
		63BDE7D61708B78C007C0D82 /* suballoc.cpp in Sources */ = {isa = PBXBuildFile; fileRef = 63BDE7541708B78C007C0D82 /* suballoc.cpp */; };
		63BDE7D71708B78C007C0D82 /* unpack.cpp in Sources */ = {isa = PBXBuildFile; fileRef = 63BDE7571708B78C007C0D82 /* unpack.cpp */; };
		63BDE7D81708B78C007C0D82 /* unpack15.cpp in Sources */ = {isa = PBXBuildFile; fileRef = 63BDE7591708B78C007C0D82 /* unpack15.cpp */; };
		63BDE7D91708B78C007C0D82 /* unpack20.cpp in Sources */ = {isa = PBXBuildFile; fileRef = 63BDE75A1708B78C007C0D82 /* unpack20.cpp */; };
		63BDE7DA1708B78C007C0D82 /* Audio_Player.cpp in Sources */ = {isa = PBXBuildFile; fileRef = 63BDE7651708B78C007C0D82 /* Audio_Player.cpp */; };
		63BDE7DB1708B78C007C0D82 /* Drag_Handler.cpp in Sources */ = {isa = PBXBuildFile; fileRef = 63BDE7671708B78C007C0D82 /* Drag_Handler.cpp */; };
		63BDE7DC1708B78C007C0D82 /* Errors_Window.cpp in Sources */ = {isa = PBXBuildFile; fileRef = 63BDE7691708B78C007C0D82 /* Errors_Window.cpp */; };
		63BDE7DD1708B78C007C0D82 /* File_Archive.cpp in Sources */ = {isa = PBXBuildFile; fileRef = 63BDE76B1708B78C007C0D82 /* File_Archive.cpp */; };
		63BDE7DE1708B78C007C0D82 /* Gzip_Reader.cpp in Sources */ = {isa = PBXBuildFile; fileRef = 63BDE76D1708B78C007C0D82 /* Gzip_Reader.cpp */; };
		63BDE7DF1708B78C007C0D82 /* Progress_Window.cpp in Sources */ = {isa = PBXBuildFile; fileRef = 63BDE76F1708B78C007C0D82 /* Progress_Window.cpp */; };
		63BDE7E01708B78C007C0D82 /* sound_debugger.cpp in Sources */ = {isa = PBXBuildFile; fileRef = 63BDE7711708B78C007C0D82 /* sound_debugger.cpp */; };
		63BDE7E11708B78C007C0D82 /* Wave_Writer.cpp in Sources */ = {isa = PBXBuildFile; fileRef = 63BDE7731708B78C007C0D82 /* Wave_Writer.cpp */; };
		63BDE7E21708B78C007C0D82 /* Zip_Extractor.cpp in Sources */ = {isa = PBXBuildFile; fileRef = 63BDE7751708B78C007C0D82 /* Zip_Extractor.cpp */; };
		63BDE7E31708B78C007C0D82 /* adler32.c in Sources */ = {isa = PBXBuildFile; fileRef = 63BDE7791708B78C007C0D82 /* adler32.c */; };
		63BDE7E41708B78C007C0D82 /* crc32.c in Sources */ = {isa = PBXBuildFile; fileRef = 63BDE77A1708B78C007C0D82 /* crc32.c */; };
		63BDE7E51708B78C007C0D82 /* deflate.c in Sources */ = {isa = PBXBuildFile; fileRef = 63BDE77C1708B78C007C0D82 /* deflate.c */; };
		63BDE7E61708B78C007C0D82 /* infback.c in Sources */ = {isa = PBXBuildFile; fileRef = 63BDE77E1708B78C007C0D82 /* infback.c */; };
		63BDE7E71708B78C007C0D82 /* inffast.c in Sources */ = {isa = PBXBuildFile; fileRef = 63BDE77F1708B78C007C0D82 /* inffast.c */; };
		63BDE7E81708B78C007C0D82 /* inflate.c in Sources */ = {isa = PBXBuildFile; fileRef = 63BDE7821708B78C007C0D82 /* inflate.c */; };
		63BDE7E91708B78C007C0D82 /* inftrees.c in Sources */ = {isa = PBXBuildFile; fileRef = 63BDE7841708B78C007C0D82 /* inftrees.c */; };
		63BDE7EA1708B78C007C0D82 /* trees.c in Sources */ = {isa = PBXBuildFile; fileRef = 63BDE7861708B78C007C0D82 /* trees.c */; };
		63BDE7EB1708B78C007C0D82 /* zutil.c in Sources */ = {isa = PBXBuildFile; fileRef = 63BDE78A1708B78C007C0D82 /* zutil.c */; };
/* End PBXBuildFile section */

/* Begin PBXCopyFilesBuildPhase section */
		6367B1831708ACDF00BB6AFE /* CopyFiles */ = {
			isa = PBXCopyFilesBuildPhase;
			buildActionMask = 2147483647;
			dstPath = /usr/share/man/man1/;
			dstSubfolderSpec = 0;
			files = (
			);
			runOnlyForDeploymentPostprocessing = 1;
		};
/* End PBXCopyFilesBuildPhase section */

/* Begin PBXFileReference section */
		6367B1851708ACDF00BB6AFE /* GMB */ = {isa = PBXFileReference; explicitFileType = "compiled.mach-o.executable"; includeInIndex = 0; path = GMB; sourceTree = BUILT_PRODUCTS_DIR; };
		63BDE6A71708B78C007C0D82 /* Channel_Window.cpp */ = {isa = PBXFileReference; explicitFileType = sourcecode.cpp.objcpp; fileEncoding = 4; path = Channel_Window.cpp; sourceTree = "<group>"; };
		63BDE6A81708B78C007C0D82 /* Channel_Window.h */ = {isa = PBXFileReference; explicitFileType = sourcecode.cpp.objcpp; fileEncoding = 4; path = Channel_Window.h; sourceTree = "<group>"; };
		63BDE6A91708B78C007C0D82 /* favorites.cpp */ = {isa = PBXFileReference; explicitFileType = sourcecode.cpp.objcpp; fileEncoding = 4; path = favorites.cpp; sourceTree = "<group>"; };
		63BDE6AA1708B78C007C0D82 /* favorites.h */ = {isa = PBXFileReference; explicitFileType = sourcecode.cpp.objcpp; fileEncoding = 4; path = favorites.h; sourceTree = "<group>"; };
		63BDE6AB1708B78C007C0D82 /* Game_Music_Box.cpp */ = {isa = PBXFileReference; explicitFileType = sourcecode.cpp.objcpp; fileEncoding = 4; path = Game_Music_Box.cpp; sourceTree = "<group>"; };
		63BDE6AC1708B78C007C0D82 /* Game_Music_Box.rsrc.bin */ = {isa = PBXFileReference; explicitFileType = sourcecode.cpp.objcpp; path = Game_Music_Box.rsrc.bin; sourceTree = "<group>"; };
		63BDE6AD1708B78C007C0D82 /* music_actions.cpp */ = {isa = PBXFileReference; explicitFileType = sourcecode.cpp.objcpp; fileEncoding = 4; path = music_actions.cpp; sourceTree = "<group>"; };
		63BDE6AE1708B78C007C0D82 /* music_actions.h */ = {isa = PBXFileReference; explicitFileType = sourcecode.cpp.objcpp; fileEncoding = 4; path = music_actions.h; sourceTree = "<group>"; };
		63BDE6AF1708B78C007C0D82 /* music_packer.cpp */ = {isa = PBXFileReference; explicitFileType = sourcecode.cpp.objcpp; fileEncoding = 4; path = music_packer.cpp; sourceTree = "<group>"; };
		63BDE6B01708B78C007C0D82 /* Music_Player.cpp */ = {isa = PBXFileReference; explicitFileType = sourcecode.cpp.objcpp; fileEncoding = 4; path = Music_Player.cpp; sourceTree = "<group>"; };
		63BDE6B11708B78C007C0D82 /* Music_Player.h */ = {isa = PBXFileReference; explicitFileType = sourcecode.cpp.objcpp; fileEncoding = 4; path = Music_Player.h; sourceTree = "<group>"; };
		63BDE6B21708B78C007C0D82 /* music_retitler.cpp */ = {isa = PBXFileReference; explicitFileType = sourcecode.cpp.objcpp; fileEncoding = 4; path = music_retitler.cpp; sourceTree = "<group>"; };
		63BDE6B31708B78C007C0D82 /* Player_Window.cpp */ = {isa = PBXFileReference; explicitFileType = sourcecode.cpp.objcpp; fileEncoding = 4; path = Player_Window.cpp; sourceTree = "<group>"; };
		63BDE6B41708B78C007C0D82 /* Player_Window.h */ = {isa = PBXFileReference; explicitFileType = sourcecode.cpp.objcpp; fileEncoding = 4; path = Player_Window.h; sourceTree = "<group>"; };
		63BDE6B51708B78C007C0D82 /* prefs.cpp */ = {isa = PBXFileReference; explicitFileType = sourcecode.cpp.objcpp; fileEncoding = 4; path = prefs.cpp; sourceTree = "<group>"; };
		63BDE6B61708B78C007C0D82 /* prefs.h */ = {isa = PBXFileReference; explicitFileType = sourcecode.cpp.objcpp; fileEncoding = 4; path = prefs.h; sourceTree = "<group>"; };
		63BDE6B71708B78C007C0D82 /* Scope_Window.cpp */ = {isa = PBXFileReference; explicitFileType = sourcecode.cpp.objcpp; fileEncoding = 4; path = Scope_Window.cpp; sourceTree = "<group>"; };
		63BDE6B81708B78C007C0D82 /* Scope_Window.h */ = {isa = PBXFileReference; explicitFileType = sourcecode.cpp.objcpp; fileEncoding = 4; path = Scope_Window.h; sourceTree = "<group>"; };
		63BDE6B91708B78C007C0D82 /* Utility_Window.cpp */ = {isa = PBXFileReference; explicitFileType = sourcecode.cpp.objcpp; fileEncoding = 4; path = Utility_Window.cpp; sourceTree = "<group>"; };
		63BDE6BA1708B78C007C0D82 /* Utility_Window.h */ = {isa = PBXFileReference; explicitFileType = sourcecode.cpp.objcpp; fileEncoding = 4; path = Utility_Window.h; sourceTree = "<group>"; };
		63BDE6BB1708B78C007C0D82 /* wave_export.cpp */ = {isa = PBXFileReference; explicitFileType = sourcecode.cpp.objcpp; fileEncoding = 4; path = wave_export.cpp; sourceTree = "<group>"; };
		63BDE6BC1708B78C007C0D82 /* wave_export.h */ = {isa = PBXFileReference; explicitFileType = sourcecode.cpp.objcpp; fileEncoding = 4; path = wave_export.h; sourceTree = "<group>"; };
		63BDE6BE1708B78C007C0D82 /* config.hpp */ = {isa = PBXFileReference; fileEncoding = 4; lastKnownFileType = sourcecode.cpp.h; path = config.hpp; sourceTree = "<group>"; };
		63BDE6BF1708B78C007C0D82 /* cstdint.hpp */ = {isa = PBXFileReference; fileEncoding = 4; lastKnownFileType = sourcecode.cpp.h; path = cstdint.hpp; sourceTree = "<group>"; };
		63BDE6C01708B78C007C0D82 /* scoped_ptr.hpp */ = {isa = PBXFileReference; fileEncoding = 4; lastKnownFileType = sourcecode.cpp.h; path = scoped_ptr.hpp; sourceTree = "<group>"; };
		63BDE6C11708B78C007C0D82 /* static_assert.hpp */ = {isa = PBXFileReference; fileEncoding = 4; lastKnownFileType = sourcecode.cpp.h; path = static_assert.hpp; sourceTree = "<group>"; };
		63BDE6C21708B78C007C0D82 /* bugs.txt */ = {isa = PBXFileReference; fileEncoding = 4; lastKnownFileType = text; path = bugs.txt; sourceTree = "<group>"; };
		63BDE6C41708B78C007C0D82 /* classic_album.cpp */ = {isa = PBXFileReference; explicitFileType = sourcecode.cpp.objcpp; fileEncoding = 4; path = classic_album.cpp; sourceTree = "<group>"; };
		63BDE6C51708B78C007C0D82 /* File_Emu.cpp */ = {isa = PBXFileReference; explicitFileType = sourcecode.cpp.objcpp; fileEncoding = 4; path = File_Emu.cpp; sourceTree = "<group>"; };
		63BDE6C61708B78C007C0D82 /* File_Emu.h */ = {isa = PBXFileReference; explicitFileType = sourcecode.cpp.objcpp; fileEncoding = 4; path = File_Emu.h; sourceTree = "<group>"; };
		63BDE6C71708B78C007C0D82 /* gym_album.cpp */ = {isa = PBXFileReference; explicitFileType = sourcecode.cpp.objcpp; fileEncoding = 4; path = gym_album.cpp; sourceTree = "<group>"; };
		63BDE6C81708B78C007C0D82 /* Music_Album.cpp */ = {isa = PBXFileReference; explicitFileType = sourcecode.cpp.objcpp; fileEncoding = 4; path = Music_Album.cpp; sourceTree = "<group>"; };
		63BDE6C91708B78C007C0D82 /* Music_Album.h */ = {isa = PBXFileReference; explicitFileType = sourcecode.cpp.objcpp; fileEncoding = 4; path = Music_Album.h; sourceTree = "<group>"; };
		63BDE6CA1708B78C007C0D82 /* music_util.cpp */ = {isa = PBXFileReference; explicitFileType = sourcecode.cpp.objcpp; fileEncoding = 4; path = music_util.cpp; sourceTree = "<group>"; };
		63BDE6CB1708B78C007C0D82 /* music_util.h */ = {isa = PBXFileReference; explicitFileType = sourcecode.cpp.objcpp; fileEncoding = 4; path = music_util.h; sourceTree = "<group>"; };
		63BDE6CC1708B78C007C0D82 /* nsfe_album.cpp */ = {isa = PBXFileReference; explicitFileType = sourcecode.cpp.objcpp; fileEncoding = 4; path = nsfe_album.cpp; sourceTree = "<group>"; };
		63BDE6CD1708B78C007C0D82 /* Nsfe_Emu.cpp */ = {isa = PBXFileReference; explicitFileType = sourcecode.cpp.objcpp; fileEncoding = 4; path = Nsfe_Emu.cpp; sourceTree = "<group>"; };
		63BDE6CE1708B78C007C0D82 /* Nsfe_Emu.h */ = {isa = PBXFileReference; explicitFileType = sourcecode.cpp.objcpp; fileEncoding = 4; path = Nsfe_Emu.h; sourceTree = "<group>"; };
		63BDE6CF1708B78C007C0D82 /* nsfe_emu_album.cpp */ = {isa = PBXFileReference; explicitFileType = sourcecode.cpp.objcpp; fileEncoding = 4; path = nsfe_emu_album.cpp; sourceTree = "<group>"; };
		63BDE6D01708B78C007C0D82 /* spc_album.cpp */ = {isa = PBXFileReference; explicitFileType = sourcecode.cpp.objcpp; fileEncoding = 4; path = spc_album.cpp; sourceTree = "<group>"; };
		63BDE6D11708B78C007C0D82 /* Spc_Packer.h */ = {isa = PBXFileReference; explicitFileType = sourcecode.cpp.objcpp; fileEncoding = 4; path = Spc_Packer.h; sourceTree = "<group>"; };
		63BDE6D21708B78C007C0D82 /* unpack_spc.c */ = {isa = PBXFileReference; explicitFileType = sourcecode.cpp.objcpp; fileEncoding = 4; path = unpack_spc.c; sourceTree = "<group>"; };
		63BDE6D31708B78C007C0D82 /* unpack_spc.h */ = {isa = PBXFileReference; explicitFileType = sourcecode.cpp.objcpp; fileEncoding = 4; path = unpack_spc.h; sourceTree = "<group>"; };
		63BDE6D41708B78C007C0D82 /* done.txt */ = {isa = PBXFileReference; fileEncoding = 4; lastKnownFileType = text; path = done.txt; sourceTree = "<group>"; };
		63BDE6D51708B78C007C0D82 /* formats.txt */ = {isa = PBXFileReference; fileEncoding = 4; lastKnownFileType = text; path = formats.txt; sourceTree = "<group>"; };
		63BDE6D71708B78C007C0D82 /* blargg_common.h */ = {isa = PBXFileReference; fileEncoding = 4; lastKnownFileType = sourcecode.c.h; path = blargg_common.h; sourceTree = "<group>"; };
		63BDE6D81708B78C007C0D82 /* blargg_endian.h */ = {isa = PBXFileReference; fileEncoding = 4; lastKnownFileType = sourcecode.c.h; path = blargg_endian.h; sourceTree = "<group>"; };
		63BDE6D91708B78C007C0D82 /* blargg_source.h */ = {isa = PBXFileReference; fileEncoding = 4; lastKnownFileType = sourcecode.c.h; path = blargg_source.h; sourceTree = "<group>"; };
		63BDE6DA1708B78C007C0D82 /* Blip_Buffer.cpp */ = {isa = PBXFileReference; fileEncoding = 4; lastKnownFileType = sourcecode.cpp.cpp; path = Blip_Buffer.cpp; sourceTree = "<group>"; };
		63BDE6DB1708B78C007C0D82 /* Blip_Buffer.h */ = {isa = PBXFileReference; fileEncoding = 4; lastKnownFileType = sourcecode.c.h; path = Blip_Buffer.h; sourceTree = "<group>"; };
		63BDE6DC1708B78C007C0D82 /* Blip_Synth.h */ = {isa = PBXFileReference; fileEncoding = 4; lastKnownFileType = sourcecode.c.h; path = Blip_Synth.h; sourceTree = "<group>"; };
		63BDE6DD1708B78C007C0D82 /* Classic_Emu.cpp */ = {isa = PBXFileReference; fileEncoding = 4; lastKnownFileType = sourcecode.cpp.cpp; path = Classic_Emu.cpp; sourceTree = "<group>"; };
		63BDE6DE1708B78C007C0D82 /* Classic_Emu.h */ = {isa = PBXFileReference; fileEncoding = 4; lastKnownFileType = sourcecode.c.h; path = Classic_Emu.h; sourceTree = "<group>"; };
		63BDE6DF1708B78C007C0D82 /* Effects_Buffer.cpp */ = {isa = PBXFileReference; fileEncoding = 4; lastKnownFileType = sourcecode.cpp.cpp; path = Effects_Buffer.cpp; sourceTree = "<group>"; };
		63BDE6E01708B78C007C0D82 /* Effects_Buffer.h */ = {isa = PBXFileReference; fileEncoding = 4; lastKnownFileType = sourcecode.c.h; path = Effects_Buffer.h; sourceTree = "<group>"; };
		63BDE6E11708B78C007C0D82 /* Fir_Resampler.cpp */ = {isa = PBXFileReference; fileEncoding = 4; lastKnownFileType = sourcecode.cpp.cpp; path = Fir_Resampler.cpp; sourceTree = "<group>"; };
		63BDE6E21708B78C007C0D82 /* Fir_Resampler.h */ = {isa = PBXFileReference; fileEncoding = 4; lastKnownFileType = sourcecode.c.h; path = Fir_Resampler.h; sourceTree = "<group>"; };
		63BDE6E31708B78C007C0D82 /* Gb_Apu.cpp */ = {isa = PBXFileReference; fileEncoding = 4; lastKnownFileType = sourcecode.cpp.cpp; path = Gb_Apu.cpp; sourceTree = "<group>"; };
		63BDE6E41708B78C007C0D82 /* Gb_Apu.h */ = {isa = PBXFileReference; fileEncoding = 4; lastKnownFileType = sourcecode.c.h; path = Gb_Apu.h; sourceTree = "<group>"; };
		63BDE6E51708B78C007C0D82 /* Gb_Cpu.cpp */ = {isa = PBXFileReference; fileEncoding = 4; lastKnownFileType = sourcecode.cpp.cpp; path = Gb_Cpu.cpp; sourceTree = "<group>"; };
		63BDE6E61708B78C007C0D82 /* Gb_Cpu.h */ = {isa = PBXFileReference; fileEncoding = 4; lastKnownFileType = sourcecode.c.h; path = Gb_Cpu.h; sourceTree = "<group>"; };
		63BDE6E71708B78C007C0D82 /* Gb_Oscs.cpp */ = {isa = PBXFileReference; fileEncoding = 4; lastKnownFileType = sourcecode.cpp.cpp; path = Gb_Oscs.cpp; sourceTree = "<group>"; };
		63BDE6E81708B78C007C0D82 /* Gb_Oscs.h */ = {isa = PBXFileReference; fileEncoding = 4; lastKnownFileType = sourcecode.c.h; path = Gb_Oscs.h; sourceTree = "<group>"; };
		63BDE6E91708B78C007C0D82 /* Gbs_Emu.cpp */ = {isa = PBXFileReference; fileEncoding = 4; lastKnownFileType = sourcecode.cpp.cpp; path = Gbs_Emu.cpp; sourceTree = "<group>"; };
		63BDE6EA1708B78C007C0D82 /* Gbs_Emu.h */ = {isa = PBXFileReference; fileEncoding = 4; lastKnownFileType = sourcecode.c.h; path = Gbs_Emu.h; sourceTree = "<group>"; };
		63BDE6EB1708B78C007C0D82 /* Gym_Emu.cpp */ = {isa = PBXFileReference; fileEncoding = 4; lastKnownFileType = sourcecode.cpp.cpp; path = Gym_Emu.cpp; sourceTree = "<group>"; };
		63BDE6EC1708B78C007C0D82 /* Gym_Emu.h */ = {isa = PBXFileReference; fileEncoding = 4; lastKnownFileType = sourcecode.c.h; path = Gym_Emu.h; sourceTree = "<group>"; };
		63BDE6ED1708B78C007C0D82 /* Multi_Buffer.cpp */ = {isa = PBXFileReference; fileEncoding = 4; lastKnownFileType = sourcecode.cpp.cpp; path = Multi_Buffer.cpp; sourceTree = "<group>"; };
		63BDE6EE1708B78C007C0D82 /* Multi_Buffer.h */ = {isa = PBXFileReference; fileEncoding = 4; lastKnownFileType = sourcecode.c.h; path = Multi_Buffer.h; sourceTree = "<group>"; };
		63BDE6EF1708B78C007C0D82 /* Music_Emu.cpp */ = {isa = PBXFileReference; fileEncoding = 4; lastKnownFileType = sourcecode.cpp.cpp; path = Music_Emu.cpp; sourceTree = "<group>"; };
		63BDE6F01708B78C007C0D82 /* Music_Emu.h */ = {isa = PBXFileReference; fileEncoding = 4; lastKnownFileType = sourcecode.c.h; path = Music_Emu.h; sourceTree = "<group>"; };
		63BDE6F11708B78C007C0D82 /* Nes_Apu.cpp */ = {isa = PBXFileReference; fileEncoding = 4; lastKnownFileType = sourcecode.cpp.cpp; path = Nes_Apu.cpp; sourceTree = "<group>"; };
		63BDE6F21708B78C007C0D82 /* Nes_Apu.h */ = {isa = PBXFileReference; fileEncoding = 4; lastKnownFileType = sourcecode.c.h; path = Nes_Apu.h; sourceTree = "<group>"; };
		63BDE6F31708B78C007C0D82 /* Nes_Cpu.cpp */ = {isa = PBXFileReference; fileEncoding = 4; lastKnownFileType = sourcecode.cpp.cpp; path = Nes_Cpu.cpp; sourceTree = "<group>"; };
		63BDE6F41708B78C007C0D82 /* Nes_Cpu.h */ = {isa = PBXFileReference; fileEncoding = 4; lastKnownFileType = sourcecode.c.h; path = Nes_Cpu.h; sourceTree = "<group>"; };
		63BDE6F51708B78C007C0D82 /* Nes_Fme7_Apu.cpp */ = {isa = PBXFileReference; fileEncoding = 4; lastKnownFileType = sourcecode.cpp.cpp; path = Nes_Fme7_Apu.cpp; sourceTree = "<group>"; };
		63BDE6F61708B78C007C0D82 /* Nes_Fme7_Apu.h */ = {isa = PBXFileReference; fileEncoding = 4; lastKnownFileType = sourcecode.c.h; path = Nes_Fme7_Apu.h; sourceTree = "<group>"; };
		63BDE6F71708B78C007C0D82 /* Nes_Namco_Apu.cpp */ = {isa = PBXFileReference; fileEncoding = 4; lastKnownFileType = sourcecode.cpp.cpp; path = Nes_Namco_Apu.cpp; sourceTree = "<group>"; };
		63BDE6F81708B78C007C0D82 /* Nes_Namco_Apu.h */ = {isa = PBXFileReference; fileEncoding = 4; lastKnownFileType = sourcecode.c.h; path = Nes_Namco_Apu.h; sourceTree = "<group>"; };
		63BDE6F91708B78C007C0D82 /* Nes_Oscs.cpp */ = {isa = PBXFileReference; fileEncoding = 4; lastKnownFileType = sourcecode.cpp.cpp; path = Nes_Oscs.cpp; sourceTree = "<group>"; };
		63BDE6FA1708B78C007C0D82 /* Nes_Oscs.h */ = {isa = PBXFileReference; fileEncoding = 4; lastKnownFileType = sourcecode.c.h; path = Nes_Oscs.h; sourceTree = "<group>"; };
		63BDE6FB1708B78C007C0D82 /* Nes_Vrc6_Apu.cpp */ = {isa = PBXFileReference; fileEncoding = 4; lastKnownFileType = sourcecode.cpp.cpp; path = Nes_Vrc6_Apu.cpp; sourceTree = "<group>"; };
		63BDE6FC1708B78C007C0D82 /* Nes_Vrc6_Apu.h */ = {isa = PBXFileReference; fileEncoding = 4; lastKnownFileType = sourcecode.c.h; path = Nes_Vrc6_Apu.h; sourceTree = "<group>"; };
		63BDE6FD1708B78C007C0D82 /* Nsf_Emu.cpp */ = {isa = PBXFileReference; fileEncoding = 4; lastKnownFileType = sourcecode.cpp.cpp; path = Nsf_Emu.cpp; sourceTree = "<group>"; };
		63BDE6FE1708B78C007C0D82 /* Nsf_Emu.h */ = {isa = PBXFileReference; fileEncoding = 4; lastKnownFileType = sourcecode.c.h; path = Nsf_Emu.h; sourceTree = "<group>"; };
		63BDE6FF1708B78C007C0D82 /* readme.txt */ = {isa = PBXFileReference; fileEncoding = 4; lastKnownFileType = text; path = readme.txt; sourceTree = "<group>"; };
		63BDE7001708B78C007C0D82 /* Sms_Apu.cpp */ = {isa = PBXFileReference; fileEncoding = 4; lastKnownFileType = sourcecode.cpp.cpp; path = Sms_Apu.cpp; sourceTree = "<group>"; };
		63BDE7011708B78C007C0D82 /* Sms_Apu.h */ = {isa = PBXFileReference; fileEncoding = 4; lastKnownFileType = sourcecode.c.h; path = Sms_Apu.h; sourceTree = "<group>"; };
		63BDE7021708B78C007C0D82 /* Sms_Oscs.h */ = {isa = PBXFileReference; fileEncoding = 4; lastKnownFileType = sourcecode.c.h; path = Sms_Oscs.h; sourceTree = "<group>"; };
		63BDE7031708B78C007C0D82 /* Snes_Spc.cpp */ = {isa = PBXFileReference; fileEncoding = 4; lastKnownFileType = sourcecode.cpp.cpp; path = Snes_Spc.cpp; sourceTree = "<group>"; };
		63BDE7041708B78C007C0D82 /* Snes_Spc.h */ = {isa = PBXFileReference; fileEncoding = 4; lastKnownFileType = sourcecode.c.h; path = Snes_Spc.h; sourceTree = "<group>"; };
		63BDE7051708B78C007C0D82 /* Spc_Cpu.cpp */ = {isa = PBXFileReference; fileEncoding = 4; lastKnownFileType = sourcecode.cpp.cpp; path = Spc_Cpu.cpp; sourceTree = "<group>"; };
		63BDE7061708B78C007C0D82 /* Spc_Cpu.h */ = {isa = PBXFileReference; fileEncoding = 4; lastKnownFileType = sourcecode.c.h; path = Spc_Cpu.h; sourceTree = "<group>"; };
		63BDE7071708B78C007C0D82 /* Spc_Dsp.cpp */ = {isa = PBXFileReference; fileEncoding = 4; lastKnownFileType = sourcecode.cpp.cpp; path = Spc_Dsp.cpp; sourceTree = "<group>"; };
		63BDE7081708B78C007C0D82 /* Spc_Dsp.h */ = {isa = PBXFileReference; fileEncoding = 4; lastKnownFileType = sourcecode.c.h; path = Spc_Dsp.h; sourceTree = "<group>"; };
		63BDE7091708B78C007C0D82 /* Spc_Emu.cpp */ = {isa = PBXFileReference; fileEncoding = 4; lastKnownFileType = sourcecode.cpp.cpp; path = Spc_Emu.cpp; sourceTree = "<group>"; };
		63BDE70A1708B78C007C0D82 /* Spc_Emu.h */ = {isa = PBXFileReference; fileEncoding = 4; lastKnownFileType = sourcecode.c.h; path = Spc_Emu.h; sourceTree = "<group>"; };
		63BDE70B1708B78C007C0D82 /* Tagged_Data.h */ = {isa = PBXFileReference; fileEncoding = 4; lastKnownFileType = sourcecode.c.h; path = Tagged_Data.h; sourceTree = "<group>"; };
		63BDE70C1708B78C007C0D82 /* Vgm_Emu.cpp */ = {isa = PBXFileReference; fileEncoding = 4; lastKnownFileType = sourcecode.cpp.cpp; path = Vgm_Emu.cpp; sourceTree = "<group>"; };
		63BDE70D1708B78C007C0D82 /* Vgm_Emu.h */ = {isa = PBXFileReference; fileEncoding = 4; lastKnownFileType = sourcecode.c.h; path = Vgm_Emu.h; sourceTree = "<group>"; };
		63BDE70E1708B78C007C0D82 /* Vgm_Emu_Impl.cpp */ = {isa = PBXFileReference; fileEncoding = 4; lastKnownFileType = sourcecode.cpp.cpp; path = Vgm_Emu_Impl.cpp; sourceTree = "<group>"; };
		63BDE70F1708B78C007C0D82 /* Vgm_Emu_Impl.h */ = {isa = PBXFileReference; fileEncoding = 4; lastKnownFileType = sourcecode.c.h; path = Vgm_Emu_Impl.h; sourceTree = "<group>"; };
		63BDE7101708B78C007C0D82 /* ym2612.cpp */ = {isa = PBXFileReference; fileEncoding = 4; lastKnownFileType = sourcecode.cpp.cpp; path = ym2612.cpp; sourceTree = "<group>"; };
		63BDE7111708B78C007C0D82 /* ym2612.h */ = {isa = PBXFileReference; fileEncoding = 4; lastKnownFileType = sourcecode.c.h; path = ym2612.h; sourceTree = "<group>"; };
		63BDE7121708B78C007C0D82 /* GMB.1 */ = {isa = PBXFileReference; fileEncoding = 4; lastKnownFileType = text.man; path = GMB.1; sourceTree = "<group>"; };
		63BDE7131708B78C007C0D82 /* GMB.xcodeproj */ = {isa = PBXFileReference; lastKnownFileType = "wrapper.pb-project"; path = GMB.xcodeproj; sourceTree = "<group>"; };
		63BDE7161708B78C007C0D82 /* ideas.txt */ = {isa = PBXFileReference; fileEncoding = 4; lastKnownFileType = text; path = ideas.txt; sourceTree = "<group>"; };
		63BDE7171708B78C007C0D82 /* LGPL.txt */ = {isa = PBXFileReference; fileEncoding = 4; lastKnownFileType = text; path = LGPL.txt; sourceTree = "<group>"; };
		63BDE7191708B78C007C0D82 /* app_prefs.cpp */ = {isa = PBXFileReference; explicitFileType = sourcecode.cpp.objcpp; fileEncoding = 4; path = app_prefs.cpp; sourceTree = "<group>"; };
		63BDE71A1708B78C007C0D82 /* app_prefs.h */ = {isa = PBXFileReference; explicitFileType = sourcecode.cpp.objcpp; fileEncoding = 4; path = app_prefs.h; sourceTree = "<group>"; };
		63BDE71B1708B78C007C0D82 /* Carbon_App.cpp */ = {isa = PBXFileReference; explicitFileType = sourcecode.cpp.objcpp; fileEncoding = 4; path = Carbon_App.cpp; sourceTree = "<group>"; };
		63BDE71C1708B78C007C0D82 /* Carbon_App.h */ = {isa = PBXFileReference; explicitFileType = sourcecode.cpp.objcpp; fileEncoding = 4; path = Carbon_App.h; sourceTree = "<group>"; };
		63BDE71D1708B78C007C0D82 /* Carbon_Window.cpp */ = {isa = PBXFileReference; explicitFileType = sourcecode.cpp.objcpp; fileEncoding = 4; path = Carbon_Window.cpp; sourceTree = "<group>"; };
		63BDE71E1708B78C007C0D82 /* Carbon_Window.h */ = {isa = PBXFileReference; explicitFileType = sourcecode.cpp.objcpp; fileEncoding = 4; path = Carbon_Window.h; sourceTree = "<group>"; };
		63BDE71F1708B78C007C0D82 /* debug.h */ = {isa = PBXFileReference; explicitFileType = sourcecode.cpp.objcpp; fileEncoding = 4; path = debug.h; sourceTree = "<group>"; };
		63BDE7201708B78C007C0D82 /* debug_out.cpp */ = {isa = PBXFileReference; explicitFileType = sourcecode.cpp.objcpp; fileEncoding = 4; path = debug_out.cpp; sourceTree = "<group>"; };
		63BDE7211708B78C007C0D82 /* debug_out.h */ = {isa = PBXFileReference; explicitFileType = sourcecode.cpp.objcpp; fileEncoding = 4; path = debug_out.h; sourceTree = "<group>"; };
		63BDE7221708B78C007C0D82 /* debugging.cpp */ = {isa = PBXFileReference; explicitFileType = sourcecode.cpp.objcpp; fileEncoding = 4; path = debugging.cpp; sourceTree = "<group>"; };
		63BDE7231708B78C007C0D82 /* error_util.cpp */ = {isa = PBXFileReference; explicitFileType = sourcecode.cpp.objcpp; fileEncoding = 4; path = error_util.cpp; sourceTree = "<group>"; };
		63BDE7241708B78C007C0D82 /* error_util.h */ = {isa = PBXFileReference; explicitFileType = sourcecode.cpp.objcpp; fileEncoding = 4; path = error_util.h; sourceTree = "<group>"; };
		63BDE7251708B78C007C0D82 /* file_util.cpp */ = {isa = PBXFileReference; explicitFileType = sourcecode.cpp.objcpp; fileEncoding = 4; path = file_util.cpp; sourceTree = "<group>"; };
		63BDE7261708B78C007C0D82 /* file_util.h */ = {isa = PBXFileReference; explicitFileType = sourcecode.cpp.objcpp; fileEncoding = 4; path = file_util.h; sourceTree = "<group>"; };
		63BDE7271708B78C007C0D82 /* lib_common.h */ = {isa = PBXFileReference; explicitFileType = sourcecode.cpp.objcpp; fileEncoding = 4; path = lib_common.h; sourceTree = "<group>"; };
		63BDE7281708B78C007C0D82 /* mac_controls.cpp */ = {isa = PBXFileReference; explicitFileType = sourcecode.cpp.objcpp; fileEncoding = 4; path = mac_controls.cpp; sourceTree = "<group>"; };
		63BDE7291708B78C007C0D82 /* mac_controls.h */ = {isa = PBXFileReference; explicitFileType = sourcecode.cpp.objcpp; fileEncoding = 4; path = mac_controls.h; sourceTree = "<group>"; };
		63BDE72A1708B78C007C0D82 /* mac_memory.cpp */ = {isa = PBXFileReference; explicitFileType = sourcecode.cpp.objcpp; fileEncoding = 4; path = mac_memory.cpp; sourceTree = "<group>"; };
		63BDE72B1708B78C007C0D82 /* mac_memory.h */ = {isa = PBXFileReference; explicitFileType = sourcecode.cpp.objcpp; fileEncoding = 4; path = mac_memory.h; sourceTree = "<group>"; };
		63BDE72C1708B78C007C0D82 /* mac_util.cpp */ = {isa = PBXFileReference; explicitFileType = sourcecode.cpp.objcpp; fileEncoding = 4; path = mac_util.cpp; sourceTree = "<group>"; };
		63BDE72D1708B78C007C0D82 /* mac_util.h */ = {isa = PBXFileReference; explicitFileType = sourcecode.cpp.objcpp; fileEncoding = 4; path = mac_util.h; sourceTree = "<group>"; };
		63BDE72E1708B78C007C0D82 /* operator_new.cpp */ = {isa = PBXFileReference; explicitFileType = sourcecode.cpp.objcpp; fileEncoding = 4; path = operator_new.cpp; sourceTree = "<group>"; };
		63BDE72F1708B78C007C0D82 /* pod_vector.cpp */ = {isa = PBXFileReference; explicitFileType = sourcecode.cpp.objcpp; fileEncoding = 4; path = pod_vector.cpp; sourceTree = "<group>"; };
		63BDE7301708B78C007C0D82 /* pod_vector.h */ = {isa = PBXFileReference; explicitFileType = sourcecode.cpp.objcpp; fileEncoding = 4; path = pod_vector.h; sourceTree = "<group>"; };
		63BDE7311708B78C007C0D82 /* runtime_array.h */ = {isa = PBXFileReference; explicitFileType = sourcecode.cpp.objcpp; fileEncoding = 4; path = runtime_array.h; sourceTree = "<group>"; };
		63BDE7321708B78C007C0D82 /* thread_util.cpp */ = {isa = PBXFileReference; explicitFileType = sourcecode.cpp.objcpp; fileEncoding = 4; path = thread_util.cpp; sourceTree = "<group>"; };
		63BDE7331708B78C007C0D82 /* thread_util.h */ = {isa = PBXFileReference; explicitFileType = sourcecode.cpp.objcpp; fileEncoding = 4; path = thread_util.h; sourceTree = "<group>"; };
		63BDE7341708B78C007C0D82 /* util.cpp */ = {isa = PBXFileReference; explicitFileType = sourcecode.cpp.objcpp; fileEncoding = 4; path = util.cpp; sourceTree = "<group>"; };
		63BDE7351708B78C007C0D82 /* util.h */ = {isa = PBXFileReference; explicitFileType = sourcecode.cpp.objcpp; fileEncoding = 4; path = util.h; sourceTree = "<group>"; };
		63BDE7361708B78C007C0D82 /* main.cpp */ = {isa = PBXFileReference; fileEncoding = 4; lastKnownFileType = sourcecode.cpp.cpp; path = main.cpp; sourceTree = "<group>"; };
		63BDE7371708B78C007C0D82 /* manual.txt */ = {isa = PBXFileReference; fileEncoding = 4; lastKnownFileType = text; path = manual.txt; sourceTree = "<group>"; };
		63BDE7391708B78C007C0D82 /* abstract_file.cpp */ = {isa = PBXFileReference; fileEncoding = 4; lastKnownFileType = sourcecode.cpp.cpp; path = abstract_file.cpp; sourceTree = "<group>"; };
		63BDE73A1708B78C007C0D82 /* abstract_file.h */ = {isa = PBXFileReference; fileEncoding = 4; lastKnownFileType = sourcecode.c.h; path = abstract_file.h; sourceTree = "<group>"; };
		63BDE73B1708B78C007C0D82 /* archive.cpp */ = {isa = PBXFileReference; fileEncoding = 4; lastKnownFileType = sourcecode.cpp.cpp; path = archive.cpp; sourceTree = "<group>"; };
		63BDE73C1708B78C007C0D82 /* archive.hpp */ = {isa = PBXFileReference; fileEncoding = 4; lastKnownFileType = sourcecode.cpp.h; path = archive.hpp; sourceTree = "<group>"; };
		63BDE73D1708B78C007C0D82 /* arcread.cpp */ = {isa = PBXFileReference; fileEncoding = 4; lastKnownFileType = sourcecode.cpp.cpp; path = arcread.cpp; sourceTree = "<group>"; };
		63BDE73E1708B78C007C0D82 /* array.hpp */ = {isa = PBXFileReference; fileEncoding = 4; lastKnownFileType = sourcecode.cpp.h; path = array.hpp; sourceTree = "<group>"; };
		63BDE73F1708B78C007C0D82 /* compress.hpp */ = {isa = PBXFileReference; fileEncoding = 4; lastKnownFileType = sourcecode.cpp.h; path = compress.hpp; sourceTree = "<group>"; };
		63BDE7401708B78C007C0D82 /* crc.cpp */ = {isa = PBXFileReference; fileEncoding = 4; lastKnownFileType = sourcecode.cpp.cpp; path = crc.cpp; sourceTree = "<group>"; };
		63BDE7411708B78C007C0D82 /* crc.hpp */ = {isa = PBXFileReference; fileEncoding = 4; lastKnownFileType = sourcecode.cpp.h; path = crc.hpp; sourceTree = "<group>"; };
		63BDE7421708B78C007C0D82 /* getbits.cpp */ = {isa = PBXFileReference; fileEncoding = 4; lastKnownFileType = sourcecode.cpp.cpp; path = getbits.cpp; sourceTree = "<group>"; };
		63BDE7431708B78C007C0D82 /* getbits.hpp */ = {isa = PBXFileReference; fileEncoding = 4; lastKnownFileType = sourcecode.cpp.h; path = getbits.hpp; sourceTree = "<group>"; };
		63BDE7441708B78C007C0D82 /* headers.hpp */ = {isa = PBXFileReference; fileEncoding = 4; lastKnownFileType = sourcecode.cpp.h; path = headers.hpp; sourceTree = "<group>"; };
		63BDE7451708B78C007C0D82 /* license.txt */ = {isa = PBXFileReference; fileEncoding = 4; lastKnownFileType = text; path = license.txt; sourceTree = "<group>"; };
		63BDE7461708B78C007C0D82 /* model.cpp */ = {isa = PBXFileReference; fileEncoding = 4; lastKnownFileType = sourcecode.cpp.cpp; path = model.cpp; sourceTree = "<group>"; };
		63BDE7471708B78C007C0D82 /* model.hpp */ = {isa = PBXFileReference; fileEncoding = 4; lastKnownFileType = sourcecode.cpp.h; path = model.hpp; sourceTree = "<group>"; };
		63BDE7481708B78C007C0D82 /* rar.hpp */ = {isa = PBXFileReference; fileEncoding = 4; lastKnownFileType = sourcecode.cpp.h; path = rar.hpp; sourceTree = "<group>"; };
		63BDE7491708B78C007C0D82 /* Rar_Extractor.cpp */ = {isa = PBXFileReference; fileEncoding = 4; lastKnownFileType = sourcecode.cpp.cpp; path = Rar_Extractor.cpp; sourceTree = "<group>"; };
		63BDE74A1708B78C007C0D82 /* Rar_Extractor.h */ = {isa = PBXFileReference; fileEncoding = 4; lastKnownFileType = sourcecode.c.h; path = Rar_Extractor.h; sourceTree = "<group>"; };
		63BDE74B1708B78C007C0D82 /* rarvm.cpp */ = {isa = PBXFileReference; fileEncoding = 4; lastKnownFileType = sourcecode.cpp.cpp; path = rarvm.cpp; sourceTree = "<group>"; };
		63BDE74C1708B78C007C0D82 /* rarvm.hpp */ = {isa = PBXFileReference; fileEncoding = 4; lastKnownFileType = sourcecode.cpp.h; path = rarvm.hpp; sourceTree = "<group>"; };
		63BDE74D1708B78C007C0D82 /* rawread.cpp */ = {isa = PBXFileReference; fileEncoding = 4; lastKnownFileType = sourcecode.cpp.cpp; path = rawread.cpp; sourceTree = "<group>"; };
		63BDE74E1708B78C007C0D82 /* rawread.hpp */ = {isa = PBXFileReference; fileEncoding = 4; lastKnownFileType = sourcecode.cpp.h; path = rawread.hpp; sourceTree = "<group>"; };
		63BDE74F1708B78C007C0D82 /* rdwrfn.cpp */ = {isa = PBXFileReference; fileEncoding = 4; lastKnownFileType = sourcecode.cpp.cpp; path = rdwrfn.cpp; sourceTree = "<group>"; };
		63BDE7501708B78C007C0D82 /* rdwrfn.hpp */ = {isa = PBXFileReference; fileEncoding = 4; lastKnownFileType = sourcecode.cpp.h; path = rdwrfn.hpp; sourceTree = "<group>"; };
		63BDE7511708B78C007C0D82 /* readme.txt */ = {isa = PBXFileReference; fileEncoding = 4; lastKnownFileType = text; path = readme.txt; sourceTree = "<group>"; };
		63BDE7521708B78C007C0D82 /* rs.cpp */ = {isa = PBXFileReference; fileEncoding = 4; lastKnownFileType = sourcecode.cpp.cpp; path = rs.cpp; sourceTree = "<group>"; };
		63BDE7531708B78C007C0D82 /* rs.hpp */ = {isa = PBXFileReference; fileEncoding = 4; lastKnownFileType = sourcecode.cpp.h; path = rs.hpp; sourceTree = "<group>"; };
		63BDE7541708B78C007C0D82 /* suballoc.cpp */ = {isa = PBXFileReference; fileEncoding = 4; lastKnownFileType = sourcecode.cpp.cpp; path = suballoc.cpp; sourceTree = "<group>"; };
		63BDE7551708B78C007C0D82 /* suballoc.hpp */ = {isa = PBXFileReference; fileEncoding = 4; lastKnownFileType = sourcecode.cpp.h; path = suballoc.hpp; sourceTree = "<group>"; };
		63BDE7561708B78C007C0D82 /* suballoc_inl.h */ = {isa = PBXFileReference; fileEncoding = 4; lastKnownFileType = sourcecode.c.h; path = suballoc_inl.h; sourceTree = "<group>"; };
		63BDE7571708B78C007C0D82 /* unpack.cpp */ = {isa = PBXFileReference; fileEncoding = 4; lastKnownFileType = sourcecode.cpp.cpp; path = unpack.cpp; sourceTree = "<group>"; };
		63BDE7581708B78C007C0D82 /* unpack.hpp */ = {isa = PBXFileReference; fileEncoding = 4; lastKnownFileType = sourcecode.cpp.h; path = unpack.hpp; sourceTree = "<group>"; };
		63BDE7591708B78C007C0D82 /* unpack15.cpp */ = {isa = PBXFileReference; fileEncoding = 4; lastKnownFileType = sourcecode.cpp.cpp; path = unpack15.cpp; sourceTree = "<group>"; };
		63BDE75A1708B78C007C0D82 /* unpack20.cpp */ = {isa = PBXFileReference; fileEncoding = 4; lastKnownFileType = sourcecode.cpp.cpp; path = unpack20.cpp; sourceTree = "<group>"; };
		63BDE75B1708B78C007C0D82 /* readme.txt */ = {isa = PBXFileReference; fileEncoding = 4; lastKnownFileType = text; path = readme.txt; sourceTree = "<group>"; };
		63BDE75D1708B78C007C0D82 /* common.h */ = {isa = PBXFileReference; explicitFileType = sourcecode.cpp.objcpp; fileEncoding = 4; path = common.h; sourceTree = "<group>"; };
		63BDE75E1708B78C007C0D82 /* config.h */ = {isa = PBXFileReference; fileEncoding = 4; lastKnownFileType = sourcecode.c.h; path = config.h; sourceTree = "<group>"; };
		63BDE75F1708B78C007C0D82 /* config_compiler.h */ = {isa = PBXFileReference; fileEncoding = 4; lastKnownFileType = sourcecode.c.h; path = config_compiler.h; sourceTree = "<group>"; };
		63BDE7601708B78C007C0D82 /* enable_optimizer.h */ = {isa = PBXFileReference; fileEncoding = 4; lastKnownFileType = sourcecode.c.h; path = enable_optimizer.h; sourceTree = "<group>"; };
		63BDE7611708B78C007C0D82 /* prefix.h */ = {isa = PBXFileReference; fileEncoding = 4; lastKnownFileType = sourcecode.c.h; path = prefix.h; sourceTree = "<group>"; };
		63BDE7631708B78C007C0D82 /* source_begin.h */ = {isa = PBXFileReference; fileEncoding = 4; lastKnownFileType = sourcecode.c.h; path = source_begin.h; sourceTree = "<group>"; };
		63BDE7651708B78C007C0D82 /* Audio_Player.cpp */ = {isa = PBXFileReference; explicitFileType = sourcecode.cpp.objcpp; fileEncoding = 4; path = Audio_Player.cpp; sourceTree = "<group>"; };
		63BDE7661708B78C007C0D82 /* Audio_Player.h */ = {isa = PBXFileReference; explicitFileType = sourcecode.cpp.objcpp; fileEncoding = 4; path = Audio_Player.h; sourceTree = "<group>"; };
		63BDE7671708B78C007C0D82 /* Drag_Handler.cpp */ = {isa = PBXFileReference; explicitFileType = sourcecode.cpp.objcpp; fileEncoding = 4; path = Drag_Handler.cpp; sourceTree = "<group>"; };
		63BDE7681708B78C007C0D82 /* Drag_Handler.h */ = {isa = PBXFileReference; explicitFileType = sourcecode.cpp.objcpp; fileEncoding = 4; path = Drag_Handler.h; sourceTree = "<group>"; };
		63BDE7691708B78C007C0D82 /* Errors_Window.cpp */ = {isa = PBXFileReference; explicitFileType = sourcecode.cpp.objcpp; fileEncoding = 4; path = Errors_Window.cpp; sourceTree = "<group>"; };
		63BDE76A1708B78C007C0D82 /* Errors_Window.h */ = {isa = PBXFileReference; explicitFileType = sourcecode.cpp.objcpp; fileEncoding = 4; path = Errors_Window.h; sourceTree = "<group>"; };
		63BDE76B1708B78C007C0D82 /* File_Archive.cpp */ = {isa = PBXFileReference; explicitFileType = sourcecode.cpp.objcpp; fileEncoding = 4; path = File_Archive.cpp; sourceTree = "<group>"; };
		63BDE76C1708B78C007C0D82 /* File_Archive.h */ = {isa = PBXFileReference; explicitFileType = sourcecode.cpp.objcpp; fileEncoding = 4; path = File_Archive.h; sourceTree = "<group>"; };
		63BDE76D1708B78C007C0D82 /* Gzip_Reader.cpp */ = {isa = PBXFileReference; explicitFileType = sourcecode.cpp.objcpp; fileEncoding = 4; path = Gzip_Reader.cpp; sourceTree = "<group>"; };
		63BDE76E1708B78C007C0D82 /* Gzip_Reader.h */ = {isa = PBXFileReference; explicitFileType = sourcecode.cpp.objcpp; fileEncoding = 4; path = Gzip_Reader.h; sourceTree = "<group>"; };
		63BDE76F1708B78C007C0D82 /* Progress_Window.cpp */ = {isa = PBXFileReference; explicitFileType = sourcecode.cpp.objcpp; fileEncoding = 4; path = Progress_Window.cpp; sourceTree = "<group>"; };
		63BDE7701708B78C007C0D82 /* Progress_Window.h */ = {isa = PBXFileReference; explicitFileType = sourcecode.cpp.objcpp; fileEncoding = 4; path = Progress_Window.h; sourceTree = "<group>"; };
		63BDE7711708B78C007C0D82 /* sound_debugger.cpp */ = {isa = PBXFileReference; explicitFileType = sourcecode.cpp.objcpp; fileEncoding = 4; path = sound_debugger.cpp; sourceTree = "<group>"; };
		63BDE7721708B78C007C0D82 /* sound_debugger.h */ = {isa = PBXFileReference; explicitFileType = sourcecode.cpp.objcpp; fileEncoding = 4; path = sound_debugger.h; sourceTree = "<group>"; };
		63BDE7731708B78C007C0D82 /* Wave_Writer.cpp */ = {isa = PBXFileReference; explicitFileType = sourcecode.cpp.objcpp; fileEncoding = 4; path = Wave_Writer.cpp; sourceTree = "<group>"; };
		63BDE7741708B78C007C0D82 /* Wave_Writer.h */ = {isa = PBXFileReference; explicitFileType = sourcecode.cpp.objcpp; fileEncoding = 4; path = Wave_Writer.h; sourceTree = "<group>"; };
		63BDE7751708B78C007C0D82 /* Zip_Extractor.cpp */ = {isa = PBXFileReference; explicitFileType = sourcecode.cpp.objcpp; fileEncoding = 4; path = Zip_Extractor.cpp; sourceTree = "<group>"; };
		63BDE7761708B78C007C0D82 /* Zip_Extractor.h */ = {isa = PBXFileReference; explicitFileType = sourcecode.cpp.objcpp; fileEncoding = 4; path = Zip_Extractor.h; sourceTree = "<group>"; };
		63BDE7771708B78C007C0D82 /* todo.txt */ = {isa = PBXFileReference; fileEncoding = 4; lastKnownFileType = text; path = todo.txt; sourceTree = "<group>"; };
		63BDE7791708B78C007C0D82 /* adler32.c */ = {isa = PBXFileReference; fileEncoding = 4; lastKnownFileType = sourcecode.c.c; path = adler32.c; sourceTree = "<group>"; };
		63BDE77A1708B78C007C0D82 /* crc32.c */ = {isa = PBXFileReference; fileEncoding = 4; lastKnownFileType = sourcecode.c.c; path = crc32.c; sourceTree = "<group>"; };
		63BDE77B1708B78C007C0D82 /* crc32.h */ = {isa = PBXFileReference; fileEncoding = 4; lastKnownFileType = sourcecode.c.h; path = crc32.h; sourceTree = "<group>"; };
		63BDE77C1708B78C007C0D82 /* deflate.c */ = {isa = PBXFileReference; fileEncoding = 4; lastKnownFileType = sourcecode.c.c; path = deflate.c; sourceTree = "<group>"; };
		63BDE77D1708B78C007C0D82 /* deflate.h */ = {isa = PBXFileReference; fileEncoding = 4; lastKnownFileType = sourcecode.c.h; path = deflate.h; sourceTree = "<group>"; };
		63BDE77E1708B78C007C0D82 /* infback.c */ = {isa = PBXFileReference; fileEncoding = 4; lastKnownFileType = sourcecode.c.c; path = infback.c; sourceTree = "<group>"; };
		63BDE77F1708B78C007C0D82 /* inffast.c */ = {isa = PBXFileReference; fileEncoding = 4; lastKnownFileType = sourcecode.c.c; path = inffast.c; sourceTree = "<group>"; };
		63BDE7801708B78C007C0D82 /* inffast.h */ = {isa = PBXFileReference; fileEncoding = 4; lastKnownFileType = sourcecode.c.h; path = inffast.h; sourceTree = "<group>"; };
		63BDE7811708B78C007C0D82 /* inffixed.h */ = {isa = PBXFileReference; fileEncoding = 4; lastKnownFileType = sourcecode.c.h; path = inffixed.h; sourceTree = "<group>"; };
		63BDE7821708B78C007C0D82 /* inflate.c */ = {isa = PBXFileReference; fileEncoding = 4; lastKnownFileType = sourcecode.c.c; path = inflate.c; sourceTree = "<group>"; };
		63BDE7831708B78C007C0D82 /* inflate.h */ = {isa = PBXFileReference; fileEncoding = 4; lastKnownFileType = sourcecode.c.h; path = inflate.h; sourceTree = "<group>"; };
		63BDE7841708B78C007C0D82 /* inftrees.c */ = {isa = PBXFileReference; fileEncoding = 4; lastKnownFileType = sourcecode.c.c; path = inftrees.c; sourceTree = "<group>"; };
		63BDE7851708B78C007C0D82 /* inftrees.h */ = {isa = PBXFileReference; fileEncoding = 4; lastKnownFileType = sourcecode.c.h; path = inftrees.h; sourceTree = "<group>"; };
		63BDE7861708B78C007C0D82 /* trees.c */ = {isa = PBXFileReference; fileEncoding = 4; lastKnownFileType = sourcecode.c.c; path = trees.c; sourceTree = "<group>"; };
		63BDE7871708B78C007C0D82 /* trees.h */ = {isa = PBXFileReference; fileEncoding = 4; lastKnownFileType = sourcecode.c.h; path = trees.h; sourceTree = "<group>"; };
		63BDE7881708B78C007C0D82 /* zconf.h */ = {isa = PBXFileReference; fileEncoding = 4; lastKnownFileType = sourcecode.c.h; path = zconf.h; sourceTree = "<group>"; };
		63BDE7891708B78C007C0D82 /* zlib.h */ = {isa = PBXFileReference; fileEncoding = 4; lastKnownFileType = sourcecode.c.h; path = zlib.h; sourceTree = "<group>"; };
		63BDE78A1708B78C007C0D82 /* zutil.c */ = {isa = PBXFileReference; fileEncoding = 4; lastKnownFileType = sourcecode.c.c; path = zutil.c; sourceTree = "<group>"; };
		63BDE78B1708B78C007C0D82 /* zutil.h */ = {isa = PBXFileReference; fileEncoding = 4; lastKnownFileType = sourcecode.c.h; path = zutil.h; sourceTree = "<group>"; };
/* End PBXFileReference section */

/* Begin PBXFrameworksBuildPhase section */
		6367B1821708ACDF00BB6AFE /* Frameworks */ = {
			isa = PBXFrameworksBuildPhase;
			buildActionMask = 2147483647;
			files = (
			);
			runOnlyForDeploymentPostprocessing = 0;
		};
/* End PBXFrameworksBuildPhase section */

/* Begin PBXGroup section */
		6367B17A1708ACDF00BB6AFE = {
			isa = PBXGroup;
			children = (
				63BDE6A51708B78C007C0D82 /* GMB */,
				6367B1861708ACDF00BB6AFE /* Products */,
			);
			sourceTree = "<group>";
		};
		6367B1861708ACDF00BB6AFE /* Products */ = {
			isa = PBXGroup;
			children = (
				6367B1851708ACDF00BB6AFE /* GMB */,
			);
			name = Products;
			sourceTree = "<group>";
		};
		63BDE6A51708B78C007C0D82 /* GMB */ = {
			isa = PBXGroup;
			children = (
				63BDE6A61708B78C007C0D82 /* application */,
				63BDE6BD1708B78C007C0D82 /* boost */,
				63BDE6C21708B78C007C0D82 /* bugs.txt */,
				63BDE6C31708B78C007C0D82 /* core */,
				63BDE6D41708B78C007C0D82 /* done.txt */,
				63BDE6D51708B78C007C0D82 /* formats.txt */,
				63BDE6D61708B78C007C0D82 /* Game_Music_Emu */,
				63BDE7121708B78C007C0D82 /* GMB.1 */,
				63BDE7131708B78C007C0D82 /* GMB.xcodeproj */,
				63BDE7161708B78C007C0D82 /* ideas.txt */,
				63BDE7171708B78C007C0D82 /* LGPL.txt */,
				63BDE7181708B78C007C0D82 /* lib */,
				63BDE7361708B78C007C0D82 /* main.cpp */,
				63BDE7371708B78C007C0D82 /* manual.txt */,
				63BDE7381708B78C007C0D82 /* Rar_Extractor */,
				63BDE75B1708B78C007C0D82 /* readme.txt */,
				63BDE75C1708B78C007C0D82 /* setup */,
				63BDE7641708B78C007C0D82 /* specialized */,
				63BDE7771708B78C007C0D82 /* todo.txt */,
				63BDE7781708B78C007C0D82 /* zlib */,
			);
			name = GMB;
			sourceTree = "<group>";
		};
		63BDE6A61708B78C007C0D82 /* application */ = {
			isa = PBXGroup;
			children = (
				63BDE6A71708B78C007C0D82 /* Channel_Window.cpp */,
				63BDE6A81708B78C007C0D82 /* Channel_Window.h */,
				63BDE6A91708B78C007C0D82 /* favorites.cpp */,
				63BDE6AA1708B78C007C0D82 /* favorites.h */,
				63BDE6AB1708B78C007C0D82 /* Game_Music_Box.cpp */,
				63BDE6AC1708B78C007C0D82 /* Game_Music_Box.rsrc.bin */,
				63BDE6AD1708B78C007C0D82 /* music_actions.cpp */,
				63BDE6AE1708B78C007C0D82 /* music_actions.h */,
				63BDE6AF1708B78C007C0D82 /* music_packer.cpp */,
				63BDE6B01708B78C007C0D82 /* Music_Player.cpp */,
				63BDE6B11708B78C007C0D82 /* Music_Player.h */,
				63BDE6B21708B78C007C0D82 /* music_retitler.cpp */,
				63BDE6B31708B78C007C0D82 /* Player_Window.cpp */,
				63BDE6B41708B78C007C0D82 /* Player_Window.h */,
				63BDE6B51708B78C007C0D82 /* prefs.cpp */,
				63BDE6B61708B78C007C0D82 /* prefs.h */,
				63BDE6B71708B78C007C0D82 /* Scope_Window.cpp */,
				63BDE6B81708B78C007C0D82 /* Scope_Window.h */,
				63BDE6B91708B78C007C0D82 /* Utility_Window.cpp */,
				63BDE6BA1708B78C007C0D82 /* Utility_Window.h */,
				63BDE6BB1708B78C007C0D82 /* wave_export.cpp */,
				63BDE6BC1708B78C007C0D82 /* wave_export.h */,
			);
			path = application;
			sourceTree = "<group>";
		};
		63BDE6BD1708B78C007C0D82 /* boost */ = {
			isa = PBXGroup;
			children = (
				63BDE6BE1708B78C007C0D82 /* config.hpp */,
				63BDE6BF1708B78C007C0D82 /* cstdint.hpp */,
				63BDE6C01708B78C007C0D82 /* scoped_ptr.hpp */,
				63BDE6C11708B78C007C0D82 /* static_assert.hpp */,
			);
			path = boost;
			sourceTree = "<group>";
		};
		63BDE6C31708B78C007C0D82 /* core */ = {
			isa = PBXGroup;
			children = (
				63BDE6C41708B78C007C0D82 /* classic_album.cpp */,
				63BDE6C51708B78C007C0D82 /* File_Emu.cpp */,
				63BDE6C61708B78C007C0D82 /* File_Emu.h */,
				63BDE6C71708B78C007C0D82 /* gym_album.cpp */,
				63BDE6C81708B78C007C0D82 /* Music_Album.cpp */,
				63BDE6C91708B78C007C0D82 /* Music_Album.h */,
				63BDE6CA1708B78C007C0D82 /* music_util.cpp */,
				63BDE6CB1708B78C007C0D82 /* music_util.h */,
				63BDE6CC1708B78C007C0D82 /* nsfe_album.cpp */,
				63BDE6CD1708B78C007C0D82 /* Nsfe_Emu.cpp */,
				63BDE6CE1708B78C007C0D82 /* Nsfe_Emu.h */,
				63BDE6CF1708B78C007C0D82 /* nsfe_emu_album.cpp */,
				63BDE6D01708B78C007C0D82 /* spc_album.cpp */,
				63BDE6D11708B78C007C0D82 /* Spc_Packer.h */,
				63BDE6D21708B78C007C0D82 /* unpack_spc.c */,
				63BDE6D31708B78C007C0D82 /* unpack_spc.h */,
			);
			path = core;
			sourceTree = "<group>";
		};
		63BDE6D61708B78C007C0D82 /* Game_Music_Emu */ = {
			isa = PBXGroup;
			children = (
				63BDE6D71708B78C007C0D82 /* blargg_common.h */,
				63BDE6D81708B78C007C0D82 /* blargg_endian.h */,
				63BDE6D91708B78C007C0D82 /* blargg_source.h */,
				63BDE6DA1708B78C007C0D82 /* Blip_Buffer.cpp */,
				63BDE6DB1708B78C007C0D82 /* Blip_Buffer.h */,
				63BDE6DC1708B78C007C0D82 /* Blip_Synth.h */,
				63BDE6DD1708B78C007C0D82 /* Classic_Emu.cpp */,
				63BDE6DE1708B78C007C0D82 /* Classic_Emu.h */,
				63BDE6DF1708B78C007C0D82 /* Effects_Buffer.cpp */,
				63BDE6E01708B78C007C0D82 /* Effects_Buffer.h */,
				63BDE6E11708B78C007C0D82 /* Fir_Resampler.cpp */,
				63BDE6E21708B78C007C0D82 /* Fir_Resampler.h */,
				63BDE6E31708B78C007C0D82 /* Gb_Apu.cpp */,
				63BDE6E41708B78C007C0D82 /* Gb_Apu.h */,
				63BDE6E51708B78C007C0D82 /* Gb_Cpu.cpp */,
				63BDE6E61708B78C007C0D82 /* Gb_Cpu.h */,
				63BDE6E71708B78C007C0D82 /* Gb_Oscs.cpp */,
				63BDE6E81708B78C007C0D82 /* Gb_Oscs.h */,
				63BDE6E91708B78C007C0D82 /* Gbs_Emu.cpp */,
				63BDE6EA1708B78C007C0D82 /* Gbs_Emu.h */,
				63BDE6EB1708B78C007C0D82 /* Gym_Emu.cpp */,
				63BDE6EC1708B78C007C0D82 /* Gym_Emu.h */,
				63BDE6ED1708B78C007C0D82 /* Multi_Buffer.cpp */,
				63BDE6EE1708B78C007C0D82 /* Multi_Buffer.h */,
				63BDE6EF1708B78C007C0D82 /* Music_Emu.cpp */,
				63BDE6F01708B78C007C0D82 /* Music_Emu.h */,
				63BDE6F11708B78C007C0D82 /* Nes_Apu.cpp */,
				63BDE6F21708B78C007C0D82 /* Nes_Apu.h */,
				63BDE6F31708B78C007C0D82 /* Nes_Cpu.cpp */,
				63BDE6F41708B78C007C0D82 /* Nes_Cpu.h */,
				63BDE6F51708B78C007C0D82 /* Nes_Fme7_Apu.cpp */,
				63BDE6F61708B78C007C0D82 /* Nes_Fme7_Apu.h */,
				63BDE6F71708B78C007C0D82 /* Nes_Namco_Apu.cpp */,
				63BDE6F81708B78C007C0D82 /* Nes_Namco_Apu.h */,
				63BDE6F91708B78C007C0D82 /* Nes_Oscs.cpp */,
				63BDE6FA1708B78C007C0D82 /* Nes_Oscs.h */,
				63BDE6FB1708B78C007C0D82 /* Nes_Vrc6_Apu.cpp */,
				63BDE6FC1708B78C007C0D82 /* Nes_Vrc6_Apu.h */,
				63BDE6FD1708B78C007C0D82 /* Nsf_Emu.cpp */,
				63BDE6FE1708B78C007C0D82 /* Nsf_Emu.h */,
				63BDE6FF1708B78C007C0D82 /* readme.txt */,
				63BDE7001708B78C007C0D82 /* Sms_Apu.cpp */,
				63BDE7011708B78C007C0D82 /* Sms_Apu.h */,
				63BDE7021708B78C007C0D82 /* Sms_Oscs.h */,
				63BDE7031708B78C007C0D82 /* Snes_Spc.cpp */,
				63BDE7041708B78C007C0D82 /* Snes_Spc.h */,
				63BDE7051708B78C007C0D82 /* Spc_Cpu.cpp */,
				63BDE7061708B78C007C0D82 /* Spc_Cpu.h */,
				63BDE7071708B78C007C0D82 /* Spc_Dsp.cpp */,
				63BDE7081708B78C007C0D82 /* Spc_Dsp.h */,
				63BDE7091708B78C007C0D82 /* Spc_Emu.cpp */,
				63BDE70A1708B78C007C0D82 /* Spc_Emu.h */,
				63BDE70B1708B78C007C0D82 /* Tagged_Data.h */,
				63BDE70C1708B78C007C0D82 /* Vgm_Emu.cpp */,
				63BDE70D1708B78C007C0D82 /* Vgm_Emu.h */,
				63BDE70E1708B78C007C0D82 /* Vgm_Emu_Impl.cpp */,
				63BDE70F1708B78C007C0D82 /* Vgm_Emu_Impl.h */,
				63BDE7101708B78C007C0D82 /* ym2612.cpp */,
				63BDE7111708B78C007C0D82 /* ym2612.h */,
			);
			path = Game_Music_Emu;
			sourceTree = "<group>";
		};
		63BDE7141708B78C007C0D82 /* Products */ = {
			isa = PBXGroup;
			name = Products;
			sourceTree = "<group>";
		};
		63BDE7181708B78C007C0D82 /* lib */ = {
			isa = PBXGroup;
			children = (
				63BDE7191708B78C007C0D82 /* app_prefs.cpp */,
				63BDE71A1708B78C007C0D82 /* app_prefs.h */,
				63BDE71B1708B78C007C0D82 /* Carbon_App.cpp */,
				63BDE71C1708B78C007C0D82 /* Carbon_App.h */,
				63BDE71D1708B78C007C0D82 /* Carbon_Window.cpp */,
				63BDE71E1708B78C007C0D82 /* Carbon_Window.h */,
				63BDE71F1708B78C007C0D82 /* debug.h */,
				63BDE7201708B78C007C0D82 /* debug_out.cpp */,
				63BDE7211708B78C007C0D82 /* debug_out.h */,
				63BDE7221708B78C007C0D82 /* debugging.cpp */,
				63BDE7231708B78C007C0D82 /* error_util.cpp */,
				63BDE7241708B78C007C0D82 /* error_util.h */,
				63BDE7251708B78C007C0D82 /* file_util.cpp */,
				63BDE7261708B78C007C0D82 /* file_util.h */,
				63BDE7271708B78C007C0D82 /* lib_common.h */,
				63BDE7281708B78C007C0D82 /* mac_controls.cpp */,
				63BDE7291708B78C007C0D82 /* mac_controls.h */,
				63BDE72A1708B78C007C0D82 /* mac_memory.cpp */,
				63BDE72B1708B78C007C0D82 /* mac_memory.h */,
				63BDE72C1708B78C007C0D82 /* mac_util.cpp */,
				63BDE72D1708B78C007C0D82 /* mac_util.h */,
				63BDE72E1708B78C007C0D82 /* operator_new.cpp */,
				63BDE72F1708B78C007C0D82 /* pod_vector.cpp */,
				63BDE7301708B78C007C0D82 /* pod_vector.h */,
				63BDE7311708B78C007C0D82 /* runtime_array.h */,
				63BDE7321708B78C007C0D82 /* thread_util.cpp */,
				63BDE7331708B78C007C0D82 /* thread_util.h */,
				63BDE7341708B78C007C0D82 /* util.cpp */,
				63BDE7351708B78C007C0D82 /* util.h */,
			);
			path = lib;
			sourceTree = "<group>";
		};
		63BDE7381708B78C007C0D82 /* Rar_Extractor */ = {
			isa = PBXGroup;
			children = (
				63BDE7391708B78C007C0D82 /* abstract_file.cpp */,
				63BDE73A1708B78C007C0D82 /* abstract_file.h */,
				63BDE73B1708B78C007C0D82 /* archive.cpp */,
				63BDE73C1708B78C007C0D82 /* archive.hpp */,
				63BDE73D1708B78C007C0D82 /* arcread.cpp */,
				63BDE73E1708B78C007C0D82 /* array.hpp */,
				63BDE73F1708B78C007C0D82 /* compress.hpp */,
				63BDE7401708B78C007C0D82 /* crc.cpp */,
				63BDE7411708B78C007C0D82 /* crc.hpp */,
				63BDE7421708B78C007C0D82 /* getbits.cpp */,
				63BDE7431708B78C007C0D82 /* getbits.hpp */,
				63BDE7441708B78C007C0D82 /* headers.hpp */,
				63BDE7451708B78C007C0D82 /* license.txt */,
				63BDE7461708B78C007C0D82 /* model.cpp */,
				63BDE7471708B78C007C0D82 /* model.hpp */,
				63BDE7481708B78C007C0D82 /* rar.hpp */,
				63BDE7491708B78C007C0D82 /* Rar_Extractor.cpp */,
				63BDE74A1708B78C007C0D82 /* Rar_Extractor.h */,
				63BDE74B1708B78C007C0D82 /* rarvm.cpp */,
				63BDE74C1708B78C007C0D82 /* rarvm.hpp */,
				63BDE74D1708B78C007C0D82 /* rawread.cpp */,
				63BDE74E1708B78C007C0D82 /* rawread.hpp */,
				63BDE74F1708B78C007C0D82 /* rdwrfn.cpp */,
				63BDE7501708B78C007C0D82 /* rdwrfn.hpp */,
				63BDE7511708B78C007C0D82 /* readme.txt */,
				63BDE7521708B78C007C0D82 /* rs.cpp */,
				63BDE7531708B78C007C0D82 /* rs.hpp */,
				63BDE7541708B78C007C0D82 /* suballoc.cpp */,
				63BDE7551708B78C007C0D82 /* suballoc.hpp */,
				63BDE7561708B78C007C0D82 /* suballoc_inl.h */,
				63BDE7571708B78C007C0D82 /* unpack.cpp */,
				63BDE7581708B78C007C0D82 /* unpack.hpp */,
				63BDE7591708B78C007C0D82 /* unpack15.cpp */,
				63BDE75A1708B78C007C0D82 /* unpack20.cpp */,
			);
			path = Rar_Extractor;
			sourceTree = "<group>";
		};
		63BDE75C1708B78C007C0D82 /* setup */ = {
			isa = PBXGroup;
			children = (
				63BDE75D1708B78C007C0D82 /* common.h */,
				63BDE75E1708B78C007C0D82 /* config.h */,
				63BDE75F1708B78C007C0D82 /* config_compiler.h */,
				63BDE7601708B78C007C0D82 /* enable_optimizer.h */,
				63BDE7611708B78C007C0D82 /* prefix.h */,
				63BDE7631708B78C007C0D82 /* source_begin.h */,
			);
			path = setup;
			sourceTree = "<group>";
		};
		63BDE7641708B78C007C0D82 /* specialized */ = {
			isa = PBXGroup;
			children = (
				63BDE7651708B78C007C0D82 /* Audio_Player.cpp */,
				63BDE7661708B78C007C0D82 /* Audio_Player.h */,
				63BDE7671708B78C007C0D82 /* Drag_Handler.cpp */,
				63BDE7681708B78C007C0D82 /* Drag_Handler.h */,
				63BDE7691708B78C007C0D82 /* Errors_Window.cpp */,
				63BDE76A1708B78C007C0D82 /* Errors_Window.h */,
				63BDE76B1708B78C007C0D82 /* File_Archive.cpp */,
				63BDE76C1708B78C007C0D82 /* File_Archive.h */,
				63BDE76D1708B78C007C0D82 /* Gzip_Reader.cpp */,
				63BDE76E1708B78C007C0D82 /* Gzip_Reader.h */,
				63BDE76F1708B78C007C0D82 /* Progress_Window.cpp */,
				63BDE7701708B78C007C0D82 /* Progress_Window.h */,
				63BDE7711708B78C007C0D82 /* sound_debugger.cpp */,
				63BDE7721708B78C007C0D82 /* sound_debugger.h */,
				63BDE7731708B78C007C0D82 /* Wave_Writer.cpp */,
				63BDE7741708B78C007C0D82 /* Wave_Writer.h */,
				63BDE7751708B78C007C0D82 /* Zip_Extractor.cpp */,
				63BDE7761708B78C007C0D82 /* Zip_Extractor.h */,
			);
			path = specialized;
			sourceTree = "<group>";
		};
		63BDE7781708B78C007C0D82 /* zlib */ = {
			isa = PBXGroup;
			children = (
				63BDE7791708B78C007C0D82 /* adler32.c */,
				63BDE77A1708B78C007C0D82 /* crc32.c */,
				63BDE77B1708B78C007C0D82 /* crc32.h */,
				63BDE77C1708B78C007C0D82 /* deflate.c */,
				63BDE77D1708B78C007C0D82 /* deflate.h */,
				63BDE77E1708B78C007C0D82 /* infback.c */,
				63BDE77F1708B78C007C0D82 /* inffast.c */,
				63BDE7801708B78C007C0D82 /* inffast.h */,
				63BDE7811708B78C007C0D82 /* inffixed.h */,
				63BDE7821708B78C007C0D82 /* inflate.c */,
				63BDE7831708B78C007C0D82 /* inflate.h */,
				63BDE7841708B78C007C0D82 /* inftrees.c */,
				63BDE7851708B78C007C0D82 /* inftrees.h */,
				63BDE7861708B78C007C0D82 /* trees.c */,
				63BDE7871708B78C007C0D82 /* trees.h */,
				63BDE7881708B78C007C0D82 /* zconf.h */,
				63BDE7891708B78C007C0D82 /* zlib.h */,
				63BDE78A1708B78C007C0D82 /* zutil.c */,
				63BDE78B1708B78C007C0D82 /* zutil.h */,
			);
			path = zlib;
			sourceTree = "<group>";
		};
/* End PBXGroup section */

/* Begin PBXNativeTarget section */
		6367B1841708ACDF00BB6AFE /* GMB */ = {
			isa = PBXNativeTarget;
			buildConfigurationList = 6367B18F1708ACDF00BB6AFE /* Build configuration list for PBXNativeTarget "GMB" */;
			buildPhases = (
				6367B1811708ACDF00BB6AFE /* Sources */,
				6367B1821708ACDF00BB6AFE /* Frameworks */,
				6367B1831708ACDF00BB6AFE /* CopyFiles */,
			);
			buildRules = (
			);
			dependencies = (
			);
			name = GMB;
			productName = GMB;
			productReference = 6367B1851708ACDF00BB6AFE /* GMB */;
			productType = "com.apple.product-type.tool";
		};
/* End PBXNativeTarget section */

/* Begin PBXProject section */
		6367B17C1708ACDF00BB6AFE /* Project object */ = {
			isa = PBXProject;
			attributes = {
				LastUpgradeCheck = 0450;
				ORGANIZATIONNAME = "David Ventura";
			};
			buildConfigurationList = 6367B17F1708ACDF00BB6AFE /* Build configuration list for PBXProject "GMB" */;
			compatibilityVersion = "Xcode 3.2";
			developmentRegion = English;
			hasScannedForEncodings = 0;
			knownRegions = (
				en,
			);
			mainGroup = 6367B17A1708ACDF00BB6AFE;
			productRefGroup = 6367B1861708ACDF00BB6AFE /* Products */;
			projectDirPath = "";
			projectReferences = (
				{
					ProductGroup = 63BDE7141708B78C007C0D82 /* Products */;
					ProjectRef = 63BDE7131708B78C007C0D82 /* GMB.xcodeproj */;
				},
			);
			projectRoot = "";
			targets = (
				6367B1841708ACDF00BB6AFE /* GMB */,
			);
		};
/* End PBXProject section */

/* Begin PBXSourcesBuildPhase section */
		6367B1811708ACDF00BB6AFE /* Sources */ = {
			isa = PBXSourcesBuildPhase;
			buildActionMask = 2147483647;
			files = (
				63BDE78C1708B78C007C0D82 /* Channel_Window.cpp in Sources */,
				63BDE78D1708B78C007C0D82 /* favorites.cpp in Sources */,
				63BDE78E1708B78C007C0D82 /* Game_Music_Box.cpp in Sources */,
				63BDE78F1708B78C007C0D82 /* music_actions.cpp in Sources */,
				63BDE7901708B78C007C0D82 /* music_packer.cpp in Sources */,
				63BDE7911708B78C007C0D82 /* Music_Player.cpp in Sources */,
				63BDE7921708B78C007C0D82 /* music_retitler.cpp in Sources */,
				63BDE7931708B78C007C0D82 /* Player_Window.cpp in Sources */,
				63BDE7941708B78C007C0D82 /* prefs.cpp in Sources */,
				63BDE7951708B78C007C0D82 /* Scope_Window.cpp in Sources */,
				63BDE7961708B78C007C0D82 /* Utility_Window.cpp in Sources */,
				63BDE7971708B78C007C0D82 /* wave_export.cpp in Sources */,
				63BDE7981708B78C007C0D82 /* classic_album.cpp in Sources */,
				63BDE7991708B78C007C0D82 /* File_Emu.cpp in Sources */,
				63BDE79A1708B78C007C0D82 /* gym_album.cpp in Sources */,
				63BDE79B1708B78C007C0D82 /* Music_Album.cpp in Sources */,
				63BDE79C1708B78C007C0D82 /* music_util.cpp in Sources */,
				63BDE79D1708B78C007C0D82 /* nsfe_album.cpp in Sources */,
				63BDE79E1708B78C007C0D82 /* Nsfe_Emu.cpp in Sources */,
				63BDE79F1708B78C007C0D82 /* nsfe_emu_album.cpp in Sources */,
				63BDE7A01708B78C007C0D82 /* spc_album.cpp in Sources */,
				63BDE7A11708B78C007C0D82 /* unpack_spc.c in Sources */,
				63BDE7A21708B78C007C0D82 /* Blip_Buffer.cpp in Sources */,
				63BDE7A31708B78C007C0D82 /* Classic_Emu.cpp in Sources */,
				63BDE7A41708B78C007C0D82 /* Effects_Buffer.cpp in Sources */,
				63BDE7A51708B78C007C0D82 /* Fir_Resampler.cpp in Sources */,
				63BDE7A61708B78C007C0D82 /* Gb_Apu.cpp in Sources */,
				63BDE7A71708B78C007C0D82 /* Gb_Cpu.cpp in Sources */,
				63BDE7A81708B78C007C0D82 /* Gb_Oscs.cpp in Sources */,
				63BDE7A91708B78C007C0D82 /* Gbs_Emu.cpp in Sources */,
				63BDE7AA1708B78C007C0D82 /* Gym_Emu.cpp in Sources */,
				63BDE7AB1708B78C007C0D82 /* Multi_Buffer.cpp in Sources */,
				63BDE7AC1708B78C007C0D82 /* Music_Emu.cpp in Sources */,
				63BDE7AD1708B78C007C0D82 /* Nes_Apu.cpp in Sources */,
				63BDE7AE1708B78C007C0D82 /* Nes_Cpu.cpp in Sources */,
				63BDE7AF1708B78C007C0D82 /* Nes_Fme7_Apu.cpp in Sources */,
				63BDE7B01708B78C007C0D82 /* Nes_Namco_Apu.cpp in Sources */,
				63BDE7B11708B78C007C0D82 /* Nes_Oscs.cpp in Sources */,
				63BDE7B21708B78C007C0D82 /* Nes_Vrc6_Apu.cpp in Sources */,
				63BDE7B31708B78C007C0D82 /* Nsf_Emu.cpp in Sources */,
				63BDE7B41708B78C007C0D82 /* Sms_Apu.cpp in Sources */,
				63BDE7B51708B78C007C0D82 /* Snes_Spc.cpp in Sources */,
				63BDE7B61708B78C007C0D82 /* Spc_Cpu.cpp in Sources */,
				63BDE7B71708B78C007C0D82 /* Spc_Dsp.cpp in Sources */,
				63BDE7B81708B78C007C0D82 /* Spc_Emu.cpp in Sources */,
				63BDE7B91708B78C007C0D82 /* Vgm_Emu.cpp in Sources */,
				63BDE7BA1708B78C007C0D82 /* Vgm_Emu_Impl.cpp in Sources */,
				63BDE7BB1708B78C007C0D82 /* ym2612.cpp in Sources */,
				63BDE7BC1708B78C007C0D82 /* app_prefs.cpp in Sources */,
				63BDE7BD1708B78C007C0D82 /* Carbon_App.cpp in Sources */,
				63BDE7BE1708B78C007C0D82 /* Carbon_Window.cpp in Sources */,
				63BDE7BF1708B78C007C0D82 /* debug_out.cpp in Sources */,
				63BDE7C01708B78C007C0D82 /* debugging.cpp in Sources */,
				63BDE7C11708B78C007C0D82 /* error_util.cpp in Sources */,
				63BDE7C21708B78C007C0D82 /* file_util.cpp in Sources */,
				63BDE7C31708B78C007C0D82 /* mac_controls.cpp in Sources */,
				63BDE7C41708B78C007C0D82 /* mac_memory.cpp in Sources */,
				63BDE7C51708B78C007C0D82 /* mac_util.cpp in Sources */,
				63BDE7C61708B78C007C0D82 /* operator_new.cpp in Sources */,
				63BDE7C71708B78C007C0D82 /* pod_vector.cpp in Sources */,
				63BDE7C81708B78C007C0D82 /* thread_util.cpp in Sources */,
				63BDE7C91708B78C007C0D82 /* util.cpp in Sources */,
				63BDE7CA1708B78C007C0D82 /* main.cpp in Sources */,
				63BDE7CB1708B78C007C0D82 /* abstract_file.cpp in Sources */,
				63BDE7CC1708B78C007C0D82 /* archive.cpp in Sources */,
				63BDE7CD1708B78C007C0D82 /* arcread.cpp in Sources */,
				63BDE7CE1708B78C007C0D82 /* crc.cpp in Sources */,
				63BDE7CF1708B78C007C0D82 /* getbits.cpp in Sources */,
				63BDE7D01708B78C007C0D82 /* model.cpp in Sources */,
				63BDE7D11708B78C007C0D82 /* Rar_Extractor.cpp in Sources */,
				63BDE7D21708B78C007C0D82 /* rarvm.cpp in Sources */,
				63BDE7D31708B78C007C0D82 /* rawread.cpp in Sources */,
				63BDE7D41708B78C007C0D82 /* rdwrfn.cpp in Sources */,
				63BDE7D51708B78C007C0D82 /* rs.cpp in Sources */,
				63BDE7D61708B78C007C0D82 /* suballoc.cpp in Sources */,
				63BDE7D71708B78C007C0D82 /* unpack.cpp in Sources */,
				63BDE7D81708B78C007C0D82 /* unpack15.cpp in Sources */,
				63BDE7D91708B78C007C0D82 /* unpack20.cpp in Sources */,
				63BDE7DA1708B78C007C0D82 /* Audio_Player.cpp in Sources */,
				63BDE7DB1708B78C007C0D82 /* Drag_Handler.cpp in Sources */,
				63BDE7DC1708B78C007C0D82 /* Errors_Window.cpp in Sources */,
				63BDE7DD1708B78C007C0D82 /* File_Archive.cpp in Sources */,
				63BDE7DE1708B78C007C0D82 /* Gzip_Reader.cpp in Sources */,
				63BDE7DF1708B78C007C0D82 /* Progress_Window.cpp in Sources */,
				63BDE7E01708B78C007C0D82 /* sound_debugger.cpp in Sources */,
				63BDE7E11708B78C007C0D82 /* Wave_Writer.cpp in Sources */,
				63BDE7E21708B78C007C0D82 /* Zip_Extractor.cpp in Sources */,
				63BDE7E31708B78C007C0D82 /* adler32.c in Sources */,
				63BDE7E41708B78C007C0D82 /* crc32.c in Sources */,
				63BDE7E51708B78C007C0D82 /* deflate.c in Sources */,
				63BDE7E61708B78C007C0D82 /* infback.c in Sources */,
				63BDE7E71708B78C007C0D82 /* inffast.c in Sources */,
				63BDE7E81708B78C007C0D82 /* inflate.c in Sources */,
				63BDE7E91708B78C007C0D82 /* inftrees.c in Sources */,
				63BDE7EA1708B78C007C0D82 /* trees.c in Sources */,
				63BDE7EB1708B78C007C0D82 /* zutil.c in Sources */,
			);
			runOnlyForDeploymentPostprocessing = 0;
		};
/* End PBXSourcesBuildPhase section */

/* Begin XCBuildConfiguration section */
		6367B18D1708ACDF00BB6AFE /* Debug */ = {
			isa = XCBuildConfiguration;
			buildSettings = {
				ALWAYS_SEARCH_USER_PATHS = NO;
				ARCHS = "$(ARCHS_STANDARD_64_BIT)";
				CLANG_CXX_LANGUAGE_STANDARD = "gnu++0x";
				CLANG_CXX_LIBRARY = "libc++";
				CLANG_ENABLE_OBJC_ARC = YES;
				CLANG_WARN_EMPTY_BODY = YES;
				CLANG_WARN__DUPLICATE_METHOD_MATCH = YES;
				COPY_PHASE_STRIP = NO;
				GCC_C_LANGUAGE_STANDARD = gnu99;
				GCC_DYNAMIC_NO_PIC = NO;
				GCC_ENABLE_OBJC_EXCEPTIONS = YES;
				GCC_OPTIMIZATION_LEVEL = 0;
				GCC_PREPROCESSOR_DEFINITIONS = (
					"DEBUG=1",
					"$(inherited)",
					"HAVE_CONFIG_H=1",
				);
				GCC_SYMBOLS_PRIVATE_EXTERN = NO;
				GCC_WARN_64_TO_32_BIT_CONVERSION = YES;
				GCC_WARN_ABOUT_RETURN_TYPE = YES;
				GCC_WARN_UNINITIALIZED_AUTOS = YES;
				GCC_WARN_UNUSED_VARIABLE = YES;
				HEADER_SEARCH_PATHS = "";
				MACOSX_DEPLOYMENT_TARGET = 10.7;
				ONLY_ACTIVE_ARCH = YES;
				SDKROOT = macosx;
			};
			name = Debug;
		};
		6367B18E1708ACDF00BB6AFE /* Release */ = {
			isa = XCBuildConfiguration;
			buildSettings = {
				ALWAYS_SEARCH_USER_PATHS = NO;
				ARCHS = "$(ARCHS_STANDARD_64_BIT)";
				CLANG_CXX_LANGUAGE_STANDARD = "gnu++0x";
				CLANG_CXX_LIBRARY = "libc++";
				CLANG_ENABLE_OBJC_ARC = YES;
				CLANG_WARN_EMPTY_BODY = YES;
				CLANG_WARN__DUPLICATE_METHOD_MATCH = YES;
				COPY_PHASE_STRIP = YES;
				DEBUG_INFORMATION_FORMAT = "dwarf-with-dsym";
				GCC_C_LANGUAGE_STANDARD = gnu99;
				GCC_ENABLE_OBJC_EXCEPTIONS = YES;
				GCC_WARN_64_TO_32_BIT_CONVERSION = YES;
				GCC_WARN_ABOUT_RETURN_TYPE = YES;
				GCC_WARN_UNINITIALIZED_AUTOS = YES;
				GCC_WARN_UNUSED_VARIABLE = YES;
				HEADER_SEARCH_PATHS = "";
				MACOSX_DEPLOYMENT_TARGET = 10.7;
				SDKROOT = macosx;
			};
			name = Release;
		};
		6367B1901708ACDF00BB6AFE /* Debug */ = {
			isa = XCBuildConfiguration;
			buildSettings = {
				ALWAYS_SEARCH_USER_PATHS = NO;
				HEADER_SEARCH_PATHS = "./**";
				PRODUCT_NAME = "$(TARGET_NAME)";
				USER_HEADER_SEARCH_PATHS = "";
				WARNING_CFLAGS = "-Wno-shorten-64-to-32";
			};
			name = Debug;
		};
		6367B1911708ACDF00BB6AFE /* Release */ = {
			isa = XCBuildConfiguration;
			buildSettings = {
				ALWAYS_SEARCH_USER_PATHS = NO;
				HEADER_SEARCH_PATHS = "./**";
				PRODUCT_NAME = "$(TARGET_NAME)";
				USER_HEADER_SEARCH_PATHS = "";
				WARNING_CFLAGS = "-Wno-shorten-64-to-32";
			};
			name = Release;
		};
/* End XCBuildConfiguration section */

/* Begin XCConfigurationList section */
		6367B17F1708ACDF00BB6AFE /* Build configuration list for PBXProject "GMB" */ = {
			isa = XCConfigurationList;
			buildConfigurations = (
				6367B18D1708ACDF00BB6AFE /* Debug */,
				6367B18E1708ACDF00BB6AFE /* Release */,
			);
			defaultConfigurationIsVisible = 0;
			defaultConfigurationName = Release;
		};
		6367B18F1708ACDF00BB6AFE /* Build configuration list for PBXNativeTarget "GMB" */ = {
			isa = XCConfigurationList;
			buildConfigurations = (
				6367B1901708ACDF00BB6AFE /* Debug */,
				6367B1911708ACDF00BB6AFE /* Release */,
			);
			defaultConfigurationIsVisible = 0;
			defaultConfigurationName = Release;
		};
/* End XCConfigurationList section */
	};
	rootObject = 6367B17C1708ACDF00BB6AFE /* Project object */;
}
